<?xml version="1.0" encoding="utf-8"?>
<Project ToolsVersion="4.0" xmlns="http://schemas.microsoft.com/developer/msbuild/2003">
  <ItemGroup>
    <Filter Include="Source Files">
      <UniqueIdentifier>{7b24f6a2-c17f-4de8-b451-f630aeafaca0}</UniqueIdentifier>
    </Filter>
    <Filter Include="Header Files">
      <UniqueIdentifier>{4574f61f-abc3-4772-b6af-036a644f6e03}</UniqueIdentifier>
    </Filter>
    <Filter Include="NVparse">
      <UniqueIdentifier>{7ced47bb-7326-4871-88b4-1cce645d0280}</UniqueIdentifier>
    </Filter>
    <Filter Include="ATIFS">
      <UniqueIdentifier>{8bf55c2e-81ee-469e-addc-be455225efc2}</UniqueIdentifier>
    </Filter>
    <Filter Include="GLSL">
      <UniqueIdentifier>{27888f69-ba0f-4c7a-bb59-1dd54f0282c7}</UniqueIdentifier>
    </Filter>
  </ItemGroup>
  <ItemGroup>
    <ClCompile Include="..\..\..\RenderSystems\GL\src\glew.cpp">
      <Filter>Source Files</Filter>
    </ClCompile>
    <ClCompile Include="..\..\..\RenderSystems\GL\src\OgreGLATIFSInit.cpp">
      <Filter>Source Files</Filter>
    </ClCompile>
    <ClCompile Include="..\..\..\RenderSystems\GL\src\OgreGLContext.cpp">
      <Filter>Source Files</Filter>
    </ClCompile>
    <ClCompile Include="..\..\..\RenderSystems\GL\src\OgreGLDefaultHardwareBufferManager.cpp">
      <Filter>Source Files</Filter>
    </ClCompile>
    <ClCompile Include="..\..\..\RenderSystems\GL\src\OgreGLEngineDll.cpp">
      <Filter>Source Files</Filter>
    </ClCompile>
    <ClCompile Include="..\..\..\RenderSystems\GL\src\OgreGLFBOMultiRenderTarget.cpp">
      <Filter>Source Files</Filter>
    </ClCompile>
    <ClCompile Include="..\..\..\RenderSystems\GL\src\OgreGLFBORenderTexture.cpp">
      <Filter>Source Files</Filter>
    </ClCompile>
    <ClCompile Include="..\..\..\RenderSystems\GL\src\OgreGLFrameBufferObject.cpp">
      <Filter>Source Files</Filter>
    </ClCompile>
    <ClCompile Include="..\..\..\RenderSystems\GL\src\OgreGLGpuNvparseProgram.cpp">
      <Filter>Source Files</Filter>
    </ClCompile>
    <ClCompile Include="..\..\..\RenderSystems\GL\src\OgreGLGpuProgram.cpp">
      <Filter>Source Files</Filter>
    </ClCompile>
    <ClCompile Include="..\..\..\RenderSystems\GL\src\OgreGLGpuProgramManager.cpp">
      <Filter>Source Files</Filter>
    </ClCompile>
    <ClCompile Include="..\..\..\RenderSystems\GL\src\OgreGLHardwareBufferManager.cpp">
      <Filter>Source Files</Filter>
    </ClCompile>
    <ClCompile Include="..\..\..\RenderSystems\GL\src\OgreGLHardwareIndexBuffer.cpp">
      <Filter>Source Files</Filter>
    </ClCompile>
    <ClCompile Include="..\..\..\RenderSystems\GL\src\OgreGLHardwareOcclusionQuery.cpp">
      <Filter>Source Files</Filter>
    </ClCompile>
    <ClCompile Include="..\..\..\RenderSystems\GL\src\OgreGLHardwarePixelBuffer.cpp">
      <Filter>Source Files</Filter>
    </ClCompile>
    <ClCompile Include="..\..\..\RenderSystems\GL\src\OgreGLHardwareVertexBuffer.cpp">
      <Filter>Source Files</Filter>
    </ClCompile>
    <ClCompile Include="..\..\..\RenderSystems\GL\src\OgreGLPBRenderTexture.cpp">
      <Filter>Source Files</Filter>
    </ClCompile>
    <ClCompile Include="..\..\..\RenderSystems\GL\src\OgreGLPixelFormat.cpp">
      <Filter>Source Files</Filter>
    </ClCompile>
    <ClCompile Include="..\..\..\RenderSystems\GL\src\OgreGLPlugin.cpp">
      <Filter>Source Files</Filter>
    </ClCompile>
    <ClCompile Include="..\..\..\RenderSystems\GL\src\OgreGLRenderSystem.cpp">
      <Filter>Source Files</Filter>
    </ClCompile>
    <ClCompile Include="..\..\..\RenderSystems\GL\src\OgreGLRenderTexture.cpp">
      <Filter>Source Files</Filter>
    </ClCompile>
    <ClCompile Include="..\..\..\RenderSystems\GL\src\OgreGLRenderToVertexBuffer.cpp">
      <Filter>Source Files</Filter>
    </ClCompile>
    <ClCompile Include="..\..\..\RenderSystems\GL\src\OgreGLSupport.cpp">
      <Filter>Source Files</Filter>
    </ClCompile>
    <ClCompile Include="..\..\..\RenderSystems\GL\src\OgreGLTexture.cpp">
      <Filter>Source Files</Filter>
    </ClCompile>
    <ClCompile Include="..\..\..\RenderSystems\GL\src\OgreGLTextureManager.cpp">
      <Filter>Source Files</Filter>
    </ClCompile>
    <ClCompile Include="..\..\..\RenderSystems\GL\src\win32\OgreWin32Context.cpp">
      <Filter>Source Files</Filter>
    </ClCompile>
    <ClCompile Include="..\..\..\RenderSystems\GL\src\OgreWin32GLSupport.cpp">
      <Filter>Source Files</Filter>
    </ClCompile>
    <ClCompile Include="..\..\..\RenderSystems\GL\src\OgreWin32RenderTexture.cpp">
      <Filter>Source Files</Filter>
    </ClCompile>
    <ClCompile Include="..\..\..\RenderSystems\GL\src\OgreWin32Window.cpp">
      <Filter>Source Files</Filter>
    </ClCompile>
    <ClCompile Include="..\..\..\RenderSystems\GL\src\nvparse\_ps1.0_lexer.cpp">
      <Filter>NVparse</Filter>
    </ClCompile>
    <ClCompile Include="..\..\..\RenderSystems\GL\src\nvparse\_ps1.0_parser.cpp">
      <Filter>NVparse</Filter>
    </ClCompile>
    <ClCompile Include="..\..\..\RenderSystems\GL\src\nvparse\_rc1.0_lexer.cpp">
      <Filter>NVparse</Filter>
    </ClCompile>
    <ClCompile Include="..\..\..\RenderSystems\GL\src\nvparse\_rc1.0_parser.cpp">
      <Filter>NVparse</Filter>
    </ClCompile>
    <ClCompile Include="..\..\..\RenderSystems\GL\src\nvparse\_ts1.0_lexer.cpp">
      <Filter>NVparse</Filter>
    </ClCompile>
    <ClCompile Include="..\..\..\RenderSystems\GL\src\nvparse\_ts1.0_parser.cpp">
      <Filter>NVparse</Filter>
    </ClCompile>
    <ClCompile Include="..\..\..\RenderSystems\GL\src\nvparse\_vs1.0_lexer.cpp">
      <Filter>NVparse</Filter>
    </ClCompile>
    <ClCompile Include="..\..\..\RenderSystems\GL\src\nvparse\_vs1.0_parser.cpp">
      <Filter>NVparse</Filter>
    </ClCompile>
    <ClCompile Include="..\..\..\RenderSystems\GL\src\nvparse\avp1.0_impl.cpp">
      <Filter>NVparse</Filter>
    </ClCompile>
    <ClCompile Include="..\..\..\RenderSystems\GL\src\nvparse\nvparse.cpp">
      <Filter>NVparse</Filter>
    </ClCompile>
    <ClCompile Include="..\..\..\RenderSystems\GL\src\nvparse\nvparse_errors.cpp">
      <Filter>NVparse</Filter>
    </ClCompile>
    <ClCompile Include="..\..\..\RenderSystems\GL\src\nvparse\ps1.0_program.cpp">
      <Filter>NVparse</Filter>
    </ClCompile>
    <ClCompile Include="..\..\..\RenderSystems\GL\src\nvparse\rc1.0_combiners.cpp">
      <Filter>NVparse</Filter>
    </ClCompile>
    <ClCompile Include="..\..\..\RenderSystems\GL\src\nvparse\rc1.0_final.cpp">
      <Filter>NVparse</Filter>
    </ClCompile>
    <ClCompile Include="..\..\..\RenderSystems\GL\src\nvparse\rc1.0_general.cpp">
      <Filter>NVparse</Filter>
    </ClCompile>
    <ClCompile Include="..\..\..\RenderSystems\GL\src\nvparse\ts1.0_inst.cpp">
      <Filter>NVparse</Filter>
    </ClCompile>
    <ClCompile Include="..\..\..\RenderSystems\GL\src\nvparse\ts1.0_inst_list.cpp">
      <Filter>NVparse</Filter>
    </ClCompile>
    <ClCompile Include="..\..\..\RenderSystems\GL\src\nvparse\vcp1.0_impl.cpp">
      <Filter>NVparse</Filter>
    </ClCompile>
    <ClCompile Include="..\..\..\RenderSystems\GL\src\nvparse\vp1.0_impl.cpp">
      <Filter>NVparse</Filter>
    </ClCompile>
    <ClCompile Include="..\..\..\RenderSystems\GL\src\nvparse\vs1.0_inst.cpp">
      <Filter>NVparse</Filter>
    </ClCompile>
    <ClCompile Include="..\..\..\RenderSystems\GL\src\nvparse\vs1.0_inst_list.cpp">
      <Filter>NVparse</Filter>
    </ClCompile>
    <ClCompile Include="..\..\..\RenderSystems\GL\src\nvparse\vsp1.0_impl.cpp">
      <Filter>NVparse</Filter>
    </ClCompile>
    <ClCompile Include="..\..\..\RenderSystems\GL\src\atifs\src\ATI_FS_GLGpuProgram.cpp">
      <Filter>ATIFS</Filter>
    </ClCompile>
    <ClCompile Include="..\..\..\RenderSystems\GL\src\atifs\src\Compiler2Pass.cpp">
      <Filter>ATIFS</Filter>
    </ClCompile>
    <ClCompile Include="..\..\..\RenderSystems\GL\src\atifs\src\ps_1_4.cpp">
      <Filter>ATIFS</Filter>
    </ClCompile>
    <ClCompile Include="..\..\..\RenderSystems\GL\src\GLSL\src\OgreGLSLExtSupport.cpp">
      <Filter>GLSL</Filter>
    </ClCompile>
    <ClCompile Include="..\..\..\RenderSystems\GL\src\GLSL\src\OgreGLSLGpuProgram.cpp">
      <Filter>GLSL</Filter>
    </ClCompile>
    <ClCompile Include="..\..\..\RenderSystems\GL\src\GLSL\src\OgreGLSLLinkProgram.cpp">
      <Filter>GLSL</Filter>
    </ClCompile>
    <ClCompile Include="..\..\..\RenderSystems\GL\src\GLSL\src\OgreGLSLLinkProgramManager.cpp">
      <Filter>GLSL</Filter>
    </ClCompile>
    <ClCompile Include="..\..\..\RenderSystems\GL\src\GLSL\src\OgreGLSLPreprocessor.cpp">
      <Filter>GLSL</Filter>
    </ClCompile>
    <ClCompile Include="..\..\..\RenderSystems\GL\src\GLSL\src\OgreGLSLProgram.cpp">
      <Filter>GLSL</Filter>
    </ClCompile>
    <ClCompile Include="..\..\..\RenderSystems\GL\src\GLSL\src\OgreGLSLProgramFactory.cpp">
      <Filter>GLSL</Filter>
    </ClCompile>
  </ItemGroup>
  <ItemGroup>
    <ClInclude Include="..\..\..\RenderSystems\GL\include\OgreGLATIFSInit.h">
      <Filter>Header Files</Filter>
    </ClInclude>
    <ClInclude Include="..\..\..\RenderSystems\GL\include\OgreGLContext.h">
      <Filter>Header Files</Filter>
    </ClInclude>
    <ClInclude Include="..\..\..\RenderSystems\GL\include\OgreGLDefaultHardwareBufferManager.h">
      <Filter>Header Files</Filter>
    </ClInclude>
    <ClInclude Include="..\..\..\RenderSystems\GL\include\OgreGLFBOMultiRenderTarget.h">
      <Filter>Header Files</Filter>
    </ClInclude>
    <ClInclude Include="..\..\..\RenderSystems\GL\include\OgreGLFBORenderTexture.h">
      <Filter>Header Files</Filter>
    </ClInclude>
    <ClInclude Include="..\..\..\RenderSystems\GL\include\OgreGLFrameBufferObject.h">
      <Filter>Header Files</Filter>
    </ClInclude>
    <ClInclude Include="..\..\..\RenderSystems\GL\include\OgreGLGpuNvparseProgram.h">
      <Filter>Header Files</Filter>
    </ClInclude>
    <ClInclude Include="..\..\..\RenderSystems\GL\include\OgreGLGpuProgram.h">
      <Filter>Header Files</Filter>
    </ClInclude>
    <ClInclude Include="..\..\..\RenderSystems\GL\include\OgreGLGpuProgramManager.h">
      <Filter>Header Files</Filter>
    </ClInclude>
    <ClInclude Include="..\..\..\RenderSystems\GL\include\OgreGLHardwareBufferManager.h">
      <Filter>Header Files</Filter>
    </ClInclude>
    <ClInclude Include="..\..\..\RenderSystems\GL\include\OgreGLHardwareIndexBuffer.h">
      <Filter>Header Files</Filter>
    </ClInclude>
    <ClInclude Include="..\..\..\RenderSystems\GL\include\OgreGLHardwareOcclusionQuery.h">
      <Filter>Header Files</Filter>
    </ClInclude>
    <ClInclude Include="..\..\..\RenderSystems\GL\include\OgreGLHardwarePixelBuffer.h">
      <Filter>Header Files</Filter>
    </ClInclude>
    <ClInclude Include="..\..\..\RenderSystems\GL\include\OgreGLHardwareVertexBuffer.h">
      <Filter>Header Files</Filter>
    </ClInclude>
    <ClInclude Include="..\..\..\RenderSystems\GL\include\OgreGLPBRenderTexture.h">
      <Filter>Header Files</Filter>
    </ClInclude>
    <ClInclude Include="..\..\..\RenderSystems\GL\include\OgreGLPBuffer.h">
      <Filter>Header Files</Filter>
    </ClInclude>
    <ClInclude Include="..\..\..\RenderSystems\GL\include\OgreGLPixelFormat.h">
      <Filter>Header Files</Filter>
    </ClInclude>
    <ClInclude Include="..\..\..\RenderSystems\GL\include\OgreGLPlugin.h">
      <Filter>Header Files</Filter>
    </ClInclude>
    <ClInclude Include="..\..\..\RenderSystems\GL\include\OgreGLPrerequisites.h">
      <Filter>Header Files</Filter>
    </ClInclude>
    <ClInclude Include="..\..\..\RenderSystems\GL\include\OgreGLRenderSystem.h">
      <Filter>Header Files</Filter>
    </ClInclude>
    <ClInclude Include="..\..\..\RenderSystems\GL\include\OgreGLRenderTexture.h">
      <Filter>Header Files</Filter>
    </ClInclude>
    <ClInclude Include="..\..\..\RenderSystems\GL\include\OgreGLRenderToVertexBuffer.h">
      <Filter>Header Files</Filter>
    </ClInclude>
    <ClInclude Include="..\..\..\RenderSystems\GL\include\OgreGLSupport.h">
      <Filter>Header Files</Filter>
    </ClInclude>
    <ClInclude Include="..\..\..\RenderSystems\GL\include\OgreGLTexture.h">
      <Filter>Header Files</Filter>
    </ClInclude>
    <ClInclude Include="..\..\..\RenderSystems\GL\include\OgreGLTextureManager.h">
      <Filter>Header Files</Filter>
    </ClInclude>
    <ClInclude Include="..\..\..\RenderSystems\GL\src\win32\OgreGLUtil.h">
      <Filter>Header Files</Filter>
    </ClInclude>
    <ClInclude Include="..\..\..\RenderSystems\GL\include\OgreWin32Context.h">
      <Filter>Header Files</Filter>
    </ClInclude>
    <ClInclude Include="..\..\..\RenderSystems\GL\include\OgreWin32GLSupport.h">
      <Filter>Header Files</Filter>
    </ClInclude>
    <ClInclude Include="..\..\..\RenderSystems\GL\include\OgreWin32Prerequisites.h">
      <Filter>Header Files</Filter>
    </ClInclude>
    <ClInclude Include="..\..\..\RenderSystems\GL\include\OgreWin32RenderTexture.h">
      <Filter>Header Files</Filter>
    </ClInclude>
    <ClInclude Include="..\..\..\RenderSystems\GL\include\OgreWin32Window.h">
      <Filter>Header Files</Filter>
    </ClInclude>
    <ClInclude Include="..\..\..\RenderSystems\GL\src\nvparse\_ps1.0_parser.h">
      <Filter>NVparse</Filter>
    </ClInclude>
    <ClInclude Include="..\..\..\RenderSystems\GL\src\nvparse\_rc1.0_parser.h">
      <Filter>NVparse</Filter>
    </ClInclude>
    <ClInclude Include="..\..\..\RenderSystems\GL\src\nvparse\_ts1.0_parser.h">
      <Filter>NVparse</Filter>
    </ClInclude>
    <ClInclude Include="..\..\..\RenderSystems\GL\src\nvparse\_vs1.0_parser.h">
      <Filter>NVparse</Filter>
    </ClInclude>
    <ClInclude Include="..\..\..\RenderSystems\GL\src\nvparse\macro.h">
      <Filter>NVparse</Filter>
    </ClInclude>
    <ClInclude Include="..\..\..\RenderSystems\GL\src\nvparse\nvparse.h">
      <Filter>NVparse</Filter>
    </ClInclude>
    <ClInclude Include="..\..\..\RenderSystems\GL\src\nvparse\nvparse_errors.h">
      <Filter>NVparse</Filter>
    </ClInclude>
    <ClInclude Include="..\..\..\RenderSystems\GL\src\nvparse\nvparse_externs.h">
      <Filter>NVparse</Filter>
    </ClInclude>
    <ClInclude Include="..\..\..\RenderSystems\GL\src\nvparse\ps1.0_program.h">
      <Filter>NVparse</Filter>
    </ClInclude>
    <ClInclude Include="..\..\..\RenderSystems\GL\src\nvparse\rc1.0_combiners.h">
      <Filter>NVparse</Filter>
    </ClInclude>
    <ClInclude Include="..\..\..\RenderSystems\GL\src\nvparse\rc1.0_final.h">
      <Filter>NVparse</Filter>
    </ClInclude>
    <ClInclude Include="..\..\..\RenderSystems\GL\src\nvparse\rc1.0_general.h">
      <Filter>NVparse</Filter>
    </ClInclude>
    <ClInclude Include="..\..\..\RenderSystems\GL\src\nvparse\rc1.0_register.h">
      <Filter>NVparse</Filter>
    </ClInclude>
    <ClInclude Include="..\..\..\RenderSystems\GL\src\nvparse\ts1.0_inst.h">
      <Filter>NVparse</Filter>
    </ClInclude>
    <ClInclude Include="..\..\..\RenderSystems\GL\src\nvparse\ts1.0_inst_list.h">
      <Filter>NVparse</Filter>
    </ClInclude>
    <ClInclude Include="..\..\..\RenderSystems\GL\src\nvparse\vs1.0_inst.h">
      <Filter>NVparse</Filter>
    </ClInclude>
    <ClInclude Include="..\..\..\RenderSystems\GL\src\nvparse\vs1.0_inst_list.h">
      <Filter>NVparse</Filter>
    </ClInclude>
    <ClInclude Include="..\..\..\RenderSystems\GL\src\atifs\include\ATI_FS_GLGpuProgram.h">
      <Filter>ATIFS</Filter>
    </ClInclude>
    <ClInclude Include="..\..\..\RenderSystems\GL\src\atifs\include\Compiler2Pass.h">
      <Filter>ATIFS</Filter>
    </ClInclude>
    <ClInclude Include="..\..\..\RenderSystems\GL\src\atifs\include\ps_1_4.h">
      <Filter>ATIFS</Filter>
    </ClInclude>
    <ClInclude Include="..\..\..\RenderSystems\GL\src\GLSL\include\OgreGLSLExtSupport.h">
      <Filter>GLSL</Filter>
    </ClInclude>
    <ClInclude Include="..\..\..\RenderSystems\GL\src\GLSL\include\OgreGLSLGpuProgram.h">
      <Filter>GLSL</Filter>
    </ClInclude>
    <ClInclude Include="..\..\..\RenderSystems\GL\src\GLSL\include\OgreGLSLLinkProgram.h">
      <Filter>GLSL</Filter>
    </ClInclude>
    <ClInclude Include="..\..\..\RenderSystems\GL\src\GLSL\include\OgreGLSLLinkProgramManager.h">
      <Filter>GLSL</Filter>
    </ClInclude>
    <ClInclude Include="..\..\..\RenderSystems\GL\src\GLSL\include\OgreGLSLPreprocessor.h">
      <Filter>GLSL</Filter>
    </ClInclude>
    <ClInclude Include="..\..\..\RenderSystems\GL\src\GLSL\include\OgreGLSLProgram.h">
      <Filter>GLSL</Filter>
    </ClInclude>
    <ClInclude Include="..\..\..\RenderSystems\GL\src\GLSL\include\OgreGLSLProgramFactory.h">
      <Filter>GLSL</Filter>
    </ClInclude>
  </ItemGroup>
</Project>