<?xml version="1.0" encoding="utf-8"?>
<Project ToolsVersion="4.0" xmlns="http://schemas.microsoft.com/developer/msbuild/2003">
  <ItemGroup>
    <Filter Include="Source Files">
      <UniqueIdentifier>{b8b2a99b-e45f-4279-b946-2f67afe947b6}</UniqueIdentifier>
    </Filter>
    <Filter Include="Header Files">
      <UniqueIdentifier>{56ab7646-f663-40a7-bf9b-7e41af4494ce}</UniqueIdentifier>
    </Filter>
  </ItemGroup>
  <ItemGroup>
    <ClCompile Include="..\..\..\PlugIns\ParticleFX\src\OgreAreaEmitter.cpp">
      <Filter>Source Files</Filter>
    </ClCompile>
    <ClCompile Include="..\..\..\PlugIns\ParticleFX\src\OgreBoxEmitter.cpp">
      <Filter>Source Files</Filter>
    </ClCompile>
    <ClCompile Include="..\..\..\PlugIns\ParticleFX\src\OgreColourFaderAffector.cpp">
      <Filter>Source Files</Filter>
    </ClCompile>
    <ClCompile Include="..\..\..\PlugIns\ParticleFX\src\OgreColourFaderAffector2.cpp">
      <Filter>Source Files</Filter>
    </ClCompile>
    <ClCompile Include="..\..\..\PlugIns\ParticleFX\src\OgreColourImageAffector.cpp">
      <Filter>Source Files</Filter>
    </ClCompile>
    <ClCompile Include="..\..\..\PlugIns\ParticleFX\src\OgreColourInterpolatorAffector.cpp">
      <Filter>Source Files</Filter>
    </ClCompile>
    <ClCompile Include="..\..\..\PlugIns\ParticleFX\src\OgreCylinderEmitter.cpp">
      <Filter>Source Files</Filter>
    </ClCompile>
    <ClCompile Include="..\..\..\PlugIns\ParticleFX\src\OgreDeflectorPlaneAffector.cpp">
      <Filter>Source Files</Filter>
    </ClCompile>
    <ClCompile Include="..\..\..\PlugIns\ParticleFX\src\OgreDirectionRandomiserAffector.cpp">
      <Filter>Source Files</Filter>
    </ClCompile>
    <ClCompile Include="..\..\..\PlugIns\ParticleFX\src\OgreEllipsoidEmitter.cpp">
      <Filter>Source Files</Filter>
    </ClCompile>
    <ClCompile Include="..\..\..\PlugIns\ParticleFX\src\OgreHollowEllipsoidEmitter.cpp">
      <Filter>Source Files</Filter>
    </ClCompile>
    <ClCompile Include="..\..\..\PlugIns\ParticleFX\src\OgreLinearForceAffector.cpp">
      <Filter>Source Files</Filter>
    </ClCompile>
    <ClCompile Include="..\..\..\PlugIns\ParticleFX\src\OgreParticleFX.cpp">
      <Filter>Source Files</Filter>
    </ClCompile>
    <ClCompile Include="..\..\..\PlugIns\ParticleFX\src\OgreParticleFXPlugin.cpp">
      <Filter>Source Files</Filter>
    </ClCompile>
    <ClCompile Include="..\..\..\PlugIns\ParticleFX\src\OgrePointEmitter.cpp">
      <Filter>Source Files</Filter>
    </ClCompile>
    <ClCompile Include="..\..\..\PlugIns\ParticleFX\src\OgreRingEmitter.cpp">
      <Filter>Source Files</Filter>
    </ClCompile>
    <ClCompile Include="..\..\..\PlugIns\ParticleFX\src\OgreRotationAffector.cpp">
      <Filter>Source Files</Filter>
    </ClCompile>
    <ClCompile Include="..\..\..\PlugIns\ParticleFX\src\OgreScaleAffector.cpp">
      <Filter>Source Files</Filter>
    </ClCompile>
  </ItemGroup>
  <ItemGroup>
    <ClInclude Include="..\..\..\PlugIns\ParticleFX\include\OgreAreaEmitter.h">
      <Filter>Header Files</Filter>
    </ClInclude>
    <ClInclude Include="..\..\..\PlugIns\ParticleFX\include\OgreBoxEmitter.h">
      <Filter>Header Files</Filter>
    </ClInclude>
    <ClInclude Include="..\..\..\PlugIns\ParticleFX\include\OgreBoxEmitterFactory.h">
      <Filter>Header Files</Filter>
    </ClInclude>
    <ClInclude Include="..\..\..\PlugIns\ParticleFX\include\OgreColourFaderAffector.h">
      <Filter>Header Files</Filter>
    </ClInclude>
    <ClInclude Include="..\..\..\PlugIns\ParticleFX\include\OgreColourFaderAffector2.h">
      <Filter>Header Files</Filter>
    </ClInclude>
    <ClInclude Include="..\..\..\PlugIns\ParticleFX\include\OgreColourFaderAffectorFactory.h">
      <Filter>Header Files</Filter>
    </ClInclude>
    <ClInclude Include="..\..\..\PlugIns\ParticleFX\include\OgreColourFaderAffectorFactory2.h">
      <Filter>Header Files</Filter>
    </ClInclude>
    <ClInclude Include="..\..\..\PlugIns\ParticleFX\include\OgreColourImageAffector.h">
      <Filter>Header Files</Filter>
    </ClInclude>
    <ClInclude Include="..\..\..\PlugIns\ParticleFX\include\OgreColourImageAffectorFactory.h">
      <Filter>Header Files</Filter>
    </ClInclude>
    <ClInclude Include="..\..\..\PlugIns\ParticleFX\include\OgreColourInterpolatorAffector.h">
      <Filter>Header Files</Filter>
    </ClInclude>
    <ClInclude Include="..\..\..\PlugIns\ParticleFX\include\OgreColourInterpolatorAffectorFactory.h">
      <Filter>Header Files</Filter>
    </ClInclude>
    <ClInclude Include="..\..\..\PlugIns\ParticleFX\include\OgreCylinderEmitter.h">
      <Filter>Header Files</Filter>
    </ClInclude>
    <ClInclude Include="..\..\..\PlugIns\ParticleFX\include\OgreCylinderEmitterFactory.h">
      <Filter>Header Files</Filter>
    </ClInclude>
    <ClInclude Include="..\..\..\PlugIns\ParticleFX\include\OgreDeflectorPlaneAffector.h">
      <Filter>Header Files</Filter>
    </ClInclude>
    <ClInclude Include="..\..\..\PlugIns\ParticleFX\include\OgreDeflectorPlaneAffectorFactory.h">
      <Filter>Header Files</Filter>
    </ClInclude>
    <ClInclude Include="..\..\..\PlugIns\ParticleFX\include\OgreDirectionRandomiserAffector.h">
      <Filter>Header Files</Filter>
    </ClInclude>
    <ClInclude Include="..\..\..\PlugIns\ParticleFX\include\OgreDirectionRandomiserAffectorFactory.h">
      <Filter>Header Files</Filter>
    </ClInclude>
    <ClInclude Include="..\..\..\PlugIns\ParticleFX\include\OgreEllipsoidEmitter.h">
      <Filter>Header Files</Filter>
    </ClInclude>
    <ClInclude Include="..\..\..\PlugIns\ParticleFX\include\OgreEllipsoidEmitterFactory.h">
      <Filter>Header Files</Filter>
    </ClInclude>
    <ClInclude Include="..\..\..\PlugIns\ParticleFX\include\OgreHollowEllipsoidEmitter.h">
      <Filter>Header Files</Filter>
    </ClInclude>
    <ClInclude Include="..\..\..\PlugIns\ParticleFX\include\OgreHollowEllipsoidEmitterFactory.h">
      <Filter>Header Files</Filter>
    </ClInclude>
    <ClInclude Include="..\..\..\PlugIns\ParticleFX\include\OgreLinearForceAffector.h">
      <Filter>Header Files</Filter>
    </ClInclude>
    <ClInclude Include="..\..\..\PlugIns\ParticleFX\include\OgreLinearForceAffectorFactory.h">
      <Filter>Header Files</Filter>
    </ClInclude>
    <ClInclude Include="..\..\..\PlugIns\ParticleFX\include\OgreParticleFXPlugin.h">
      <Filter>Header Files</Filter>
    </ClInclude>
    <ClInclude Include="..\..\..\PlugIns\ParticleFX\include\OgreParticleFXPrerequisites.h">
      <Filter>Header Files</Filter>
    </ClInclude>
    <ClInclude Include="..\..\..\PlugIns\ParticleFX\include\OgrePointEmitter.h">
      <Filter>Header Files</Filter>
    </ClInclude>
    <ClInclude Include="..\..\..\PlugIns\ParticleFX\include\OgrePointEmitterFactory.h">
      <Filter>Header Files</Filter>
    </ClInclude>
    <ClInclude Include="..\..\..\PlugIns\ParticleFX\include\OgreRingEmitter.h">
      <Filter>Header Files</Filter>
    </ClInclude>
    <ClInclude Include="..\..\..\PlugIns\ParticleFX\include\OgreRingEmitterFactory.h">
      <Filter>Header Files</Filter>
    </ClInclude>
    <ClInclude Include="..\..\..\PlugIns\ParticleFX\include\OgreRotationAffector.h">
      <Filter>Header Files</Filter>
    </ClInclude>
    <ClInclude Include="..\..\..\PlugIns\ParticleFX\include\OgreRotationAffectorFactory.h">
      <Filter>Header Files</Filter>
    </ClInclude>
    <ClInclude Include="..\..\..\PlugIns\ParticleFX\include\OgreScaleAffector.h">
      <Filter>Header Files</Filter>
    </ClInclude>
    <ClInclude Include="..\..\..\PlugIns\ParticleFX\include\OgreScaleAffectorFactory.h">
      <Filter>Header Files</Filter>
    </ClInclude>
  </ItemGroup>
</Project>