<?xml version="1.0" encoding="utf-8"?>
<Project ToolsVersion="4.0" xmlns="http://schemas.microsoft.com/developer/msbuild/2003">
  <ItemGroup>
    <Filter Include="Source Files">
      <UniqueIdentifier>{7735a6cf-e7b3-4d36-a24d-7449e26fdbfa}</UniqueIdentifier>
    </Filter>
    <Filter Include="Header Files">
      <UniqueIdentifier>{005bd9b2-5aa6-40f7-8a88-06901a717e9c}</UniqueIdentifier>
    </Filter>
  </ItemGroup>
  <ItemGroup>
    <ClCompile Include="..\..\..\PlugIns\OctreeZone\src\OgreHeightmapTerrainZonePageSource.cpp">
      <Filter>Source Files</Filter>
    </ClCompile>
    <ClCompile Include="..\..\..\PlugIns\OctreeZone\src\OgreOctreeZone.cpp">
      <Filter>Source Files</Filter>
    </ClCompile>
    <ClCompile Include="..\..\..\PlugIns\OctreeZone\src\OgreOctreeZoneDll.cpp">
      <Filter>Source Files</Filter>
    </ClCompile>
    <ClCompile Include="..\..\..\PlugIns\OctreeZone\src\OgreOctreeZoneOctree.cpp">
      <Filter>Source Files</Filter>
    </ClCompile>
    <ClCompile Include="..\..\..\PlugIns\OctreeZone\src\OgreOctreeZonePlugin.cpp">
      <Filter>Source Files</Filter>
    </ClCompile>
    <ClCompile Include="..\..\..\PlugIns\OctreeZone\src\OgreTerrainVertexProgram.cpp">
      <Filter>Source Files</Filter>
    </ClCompile>
    <ClCompile Include="..\..\..\PlugIns\OctreeZone\src\OgreTerrainZone.cpp">
      <Filter>Source Files</Filter>
    </ClCompile>
    <ClCompile Include="..\..\..\PlugIns\OctreeZone\src\OgreTerrainZonePage.cpp">
      <Filter>Source Files</Filter>
    </ClCompile>
    <ClCompile Include="..\..\..\PlugIns\OctreeZone\src\OgreTerrainZonePageSource.cpp">
      <Filter>Source Files</Filter>
    </ClCompile>
    <ClCompile Include="..\..\..\PlugIns\OctreeZone\src\OgreTerrainZoneRenderable.cpp">
      <Filter>Source Files</Filter>
    </ClCompile>
  </ItemGroup>
  <ItemGroup>
    <ClInclude Include="..\..\..\PlugIns\OctreeZone\include\OgreHeightmapTerrainZonePageSource.h">
      <Filter>Header Files</Filter>
    </ClInclude>
    <ClInclude Include="..\..\..\PlugIns\OctreeZone\include\OgreOctreeZone.h">
      <Filter>Header Files</Filter>
    </ClInclude>
    <ClInclude Include="..\..\..\PlugIns\OctreeZone\include\OgreOctreeZoneOctree.h">
      <Filter>Header Files</Filter>
    </ClInclude>
    <ClInclude Include="..\..\..\PlugIns\OctreeZone\include\OgreOctreeZonePlugin.h">
      <Filter>Header Files</Filter>
    </ClInclude>
    <ClInclude Include="..\..\..\PlugIns\OctreeZone\include\OgreOctreeZonePrerequisites.h">
      <Filter>Header Files</Filter>
    </ClInclude>
    <ClInclude Include="..\..\..\PlugIns\OctreeZone\include\OgreTerrainVertexProgram.h">
      <Filter>Header Files</Filter>
    </ClInclude>
    <ClInclude Include="..\..\..\PlugIns\OctreeZone\include\OgreTerrainZone.h">
      <Filter>Header Files</Filter>
    </ClInclude>
    <ClInclude Include="..\..\..\PlugIns\OctreeZone\include\OgreTerrainZonePage.h">
      <Filter>Header Files</Filter>
    </ClInclude>
    <ClInclude Include="..\..\..\PlugIns\OctreeZone\include\OgreTerrainZonePageSource.h">
      <Filter>Header Files</Filter>
    </ClInclude>
    <ClInclude Include="..\..\..\PlugIns\OctreeZone\include\OgreTerrainZonePrerequisites.h">
      <Filter>Header Files</Filter>
    </ClInclude>
    <ClInclude Include="..\..\..\PlugIns\OctreeZone\include\OgreTerrainZoneRenderable.h">
      <Filter>Header Files</Filter>
    </ClInclude>
  </ItemGroup>
</Project>