<?xml version="1.0" encoding="utf-8"?>
<Project ToolsVersion="4.0" xmlns="http://schemas.microsoft.com/developer/msbuild/2003">
  <ItemGroup>
    <Filter Include="Source Files">
      <UniqueIdentifier>{0ba15138-9676-4e5a-8f33-a59c552ee648}</UniqueIdentifier>
    </Filter>
    <Filter Include="Header Files">
      <UniqueIdentifier>{e4debdb7-1d7d-4588-81ab-b0b877d8966e}</UniqueIdentifier>
    </Filter>
  </ItemGroup>
  <ItemGroup>
    <ClCompile Include="..\..\..\PlugIns\BSPSceneManager\src\OgreBspLevel.cpp">
      <Filter>Source Files</Filter>
    </ClCompile>
    <ClCompile Include="..\..\..\PlugIns\BSPSceneManager\src\OgreBspNode.cpp">
      <Filter>Source Files</Filter>
    </ClCompile>
    <ClCompile Include="..\..\..\PlugIns\BSPSceneManager\src\OgreBspResourceManager.cpp">
      <Filter>Source Files</Filter>
    </ClCompile>
    <ClCompile Include="..\..\..\PlugIns\BSPSceneManager\src\OgreBspSceneManager.cpp">
      <Filter>Source Files</Filter>
    </ClCompile>
    <ClCompile Include="..\..\..\PlugIns\BSPSceneManager\src\OgreBspSceneManagerDll.cpp">
      <Filter>Source Files</Filter>
    </ClCompile>
    <ClCompile Include="..\..\..\PlugIns\BSPSceneManager\src\OgreBspSceneManagerPlugin.cpp">
      <Filter>Source Files</Filter>
    </ClCompile>
    <ClCompile Include="..\..\..\PlugIns\BSPSceneManager\src\OgreBspSceneNode.cpp">
      <Filter>Source Files</Filter>
    </ClCompile>
    <ClCompile Include="..\..\..\PlugIns\BSPSceneManager\src\OgreQuake3Level.cpp">
      <Filter>Source Files</Filter>
    </ClCompile>
    <ClCompile Include="..\..\..\PlugIns\BSPSceneManager\src\OgreQuake3Shader.cpp">
      <Filter>Source Files</Filter>
    </ClCompile>
    <ClCompile Include="..\..\..\PlugIns\BSPSceneManager\src\OgreQuake3ShaderManager.cpp">
      <Filter>Source Files</Filter>
    </ClCompile>
  </ItemGroup>
  <ItemGroup>
    <ClInclude Include="..\..\..\PlugIns\BSPSceneManager\include\OgreBspLevel.h">
      <Filter>Header Files</Filter>
    </ClInclude>
    <ClInclude Include="..\..\..\PlugIns\BSPSceneManager\include\OgreBspNode.h">
      <Filter>Header Files</Filter>
    </ClInclude>
    <ClInclude Include="..\..\..\PlugIns\BSPSceneManager\include\OgreBspPrerequisites.h">
      <Filter>Header Files</Filter>
    </ClInclude>
    <ClInclude Include="..\..\..\PlugIns\BSPSceneManager\include\OgreBspResourceManager.h">
      <Filter>Header Files</Filter>
    </ClInclude>
    <ClInclude Include="..\..\..\PlugIns\BSPSceneManager\include\OgreBspSceneManager.h">
      <Filter>Header Files</Filter>
    </ClInclude>
    <ClInclude Include="..\..\..\PlugIns\BSPSceneManager\include\OgreBspSceneManagerPlugin.h">
      <Filter>Header Files</Filter>
    </ClInclude>
    <ClInclude Include="..\..\..\PlugIns\BSPSceneManager\include\OgreBspSceneNode.h">
      <Filter>Header Files</Filter>
    </ClInclude>
    <ClInclude Include="..\..\..\PlugIns\BSPSceneManager\include\OgreQuake3Level.h">
      <Filter>Header Files</Filter>
    </ClInclude>
    <ClInclude Include="..\..\..\PlugIns\BSPSceneManager\include\OgreQuake3Shader.h">
      <Filter>Header Files</Filter>
    </ClInclude>
    <ClInclude Include="..\..\..\PlugIns\BSPSceneManager\include\OgreQuake3ShaderManager.h">
      <Filter>Header Files</Filter>
    </ClInclude>
    <ClInclude Include="..\..\..\PlugIns\BSPSceneManager\include\OgreQuake3Types.h">
      <Filter>Header Files</Filter>
    </ClInclude>
  </ItemGroup>
</Project>