<?xml version="1.0" encoding="utf-8"?>
<Project ToolsVersion="4.0" xmlns="http://schemas.microsoft.com/developer/msbuild/2003">
  <ItemGroup>
    <Filter Include="Source Files">
      <UniqueIdentifier>{4c70bad3-137d-4f77-86e1-91f01a8010b5}</UniqueIdentifier>
    </Filter>
    <Filter Include="Header Files">
      <UniqueIdentifier>{ebd5eda3-cd35-430b-8d23-a823edfdd8ce}</UniqueIdentifier>
    </Filter>
  </ItemGroup>
  <ItemGroup>
    <ClCompile Include="..\..\..\PlugIns\CgProgramManager\src\OgreCgFxScriptLoader.cpp">
      <Filter>Source Files</Filter>
    </ClCompile>
    <ClCompile Include="..\..\..\PlugIns\CgProgramManager\src\OgreCgPlugin.cpp">
      <Filter>Source Files</Filter>
    </ClCompile>
    <ClCompile Include="..\..\..\PlugIns\CgProgramManager\src\OgreCgProgram.cpp">
      <Filter>Source Files</Filter>
    </ClCompile>
    <ClCompile Include="..\..\..\PlugIns\CgProgramManager\src\OgreCgProgramFactory.cpp">
      <Filter>Source Files</Filter>
    </ClCompile>
    <ClCompile Include="..\..\..\PlugIns\CgProgramManager\src\OgreCgProgramManagerDll.cpp">
      <Filter>Source Files</Filter>
    </ClCompile>
  </ItemGroup>
  <ItemGroup>
    <ClInclude Include="..\..\..\PlugIns\CgProgramManager\include\OgreCgFxScriptLoader.h">
      <Filter>Header Files</Filter>
    </ClInclude>
    <ClInclude Include="..\..\..\PlugIns\CgProgramManager\include\OgreCgPlugin.h">
      <Filter>Header Files</Filter>
    </ClInclude>
    <ClInclude Include="..\..\..\PlugIns\CgProgramManager\include\OgreCgPrerequisites.h">
      <Filter>Header Files</Filter>
    </ClInclude>
    <ClInclude Include="..\..\..\PlugIns\CgProgramManager\include\OgreCgProgram.h">
      <Filter>Header Files</Filter>
    </ClInclude>
    <ClInclude Include="..\..\..\PlugIns\CgProgramManager\include\OgreCgProgramFactory.h">
      <Filter>Header Files</Filter>
    </ClInclude>
  </ItemGroup>
</Project>