Microsoft Visual Studio Solution File, Format Version 10.00
# Visual Studio 2008
Project("{8BC9CEB8-8B4A-11D0-8D11-00A0C91BC942}") = "ALL_BUILD", ".\ALL_BUILD.vcproj", "{99F08945-4BCC-4EEB-9464-2FCE4E1DBCF7}"
	ProjectSection(ProjectDependencies) = postProject
		{BD6C2385-7C5D-46C3-8326-2B578B6CB655} = {BD6C2385-7C5D-46C3-8326-2B578B6CB655}
		{7BFA3138-FAEB-45DF-9A92-1971FD420483} = {7BFA3138-FAEB-45DF-9A92-1971FD420483}
		{A4C0962C-7C00-4567-91CC-AEA0462B4400} = {A4C0962C-7C00-4567-91CC-AEA0462B4400}
		{25D248EE-9A5B-400E-A623-203E0A41404C} = {25D248EE-9A5B-400E-A623-203E0A41404C}
		{813B3C18-D0EC-49CB-8E03-EB3EC2D734E2} = {813B3C18-D0EC-49CB-8E03-EB3EC2D734E2}
		{FF34BF45-85F4-4A6E-AB6D-3864E7C7F4FB} = {FF34BF45-85F4-4A6E-AB6D-3864E7C7F4FB}
		{B474B229-5A60-4F7F-9FCD-D37072E2126F} = {B474B229-5A60-4F7F-9FCD-D37072E2126F}
		{CB2BD6B7-3044-4A36-B391-580FE4D43B71} = {CB2BD6B7-3044-4A36-B391-580FE4D43B71}
		{5E497A3A-C591-4C59-A61A-4DE4371CD966} = {5E497A3A-C591-4C59-A61A-4DE4371CD966}
		{DA87A3C9-9959-46B1-BC6D-44DDF8A01EE0} = {DA87A3C9-9959-46B1-BC6D-44DDF8A01EE0}
		{6972A176-ECF4-4E5E-9A5B-99A5E1EE05E1} = {6972A176-ECF4-4E5E-9A5B-99A5E1EE05E1}
		{810918C1-8C1B-4AF9-94A2-C55E1EC58143} = {810918C1-8C1B-4AF9-94A2-C55E1EC58143}
		{64A5AB11-E585-4ADB-8274-0954FF493755} = {64A5AB11-E585-4ADB-8274-0954FF493755}
		{276909A0-FDF5-410C-98B3-A334895F2724} = {276909A0-FDF5-410C-98B3-A334895F2724}
		{28ED2DD4-2D49-4EA2-BDF3-CCECF6DE4031} = {28ED2DD4-2D49-4EA2-BDF3-CCECF6DE4031}
		{CE4D6F0C-F71B-41F3-9BB3-B1D9CDF30995} = {CE4D6F0C-F71B-41F3-9BB3-B1D9CDF30995}
		{F15BFB61-00F0-4C8D-B6DC-A3F30A70449C} = {F15BFB61-00F0-4C8D-B6DC-A3F30A70449C}
		{F8CB86F3-8EA3-4479-B3D7-8F86911B4567} = {F8CB86F3-8EA3-4479-B3D7-8F86911B4567}
		{CDF5BCB7-2ACA-4AB6-8181-546EF6364AF7} = {CDF5BCB7-2ACA-4AB6-8181-546EF6364AF7}
		{A841ABC0-A9AB-4562-8285-B6EB67EC9726} = {A841ABC0-A9AB-4562-8285-B6EB67EC9726}
		{C4E9FEEF-D0F1-4264-B731-22404DACCA09} = {C4E9FEEF-D0F1-4264-B731-22404DACCA09}
		{FDF32421-8F56-4056-9237-1BE8D147E420} = {FDF32421-8F56-4056-9237-1BE8D147E420}
		{2B262E11-DADF-40D2-9437-FD421610DBAD} = {2B262E11-DADF-40D2-9437-FD421610DBAD}
		{7E806BA0-965E-4009-A3B0-470AAF03BBE6} = {7E806BA0-965E-4009-A3B0-470AAF03BBE6}
		{26109120-C114-4851-A992-7F42B110755C} = {26109120-C114-4851-A992-7F42B110755C}
		{9B428AA9-1ABA-4914-9386-F584BD5A91F8} = {9B428AA9-1ABA-4914-9386-F584BD5A91F8}
		{2FD5BF28-55E0-4A22-BDE0-B0C1798C3E94} = {2FD5BF28-55E0-4A22-BDE0-B0C1798C3E94}
		{9967FA19-8CBA-4F53-AF5C-6CFA0073BAD8} = {9967FA19-8CBA-4F53-AF5C-6CFA0073BAD8}
		{72A4E988-6A98-43F1-8AB2-7A7F19921E26} = {72A4E988-6A98-43F1-8AB2-7A7F19921E26}
		{8B9642F9-DA0C-4FE5-8450-501D16E9F48B} = {8B9642F9-DA0C-4FE5-8450-501D16E9F48B}
		{4B9C29FC-C112-4452-9594-57C7F15AEF11} = {4B9C29FC-C112-4452-9594-57C7F15AEF11}
		{B21B1747-FE15-4C39-BCED-5FECFD60A610} = {B21B1747-FE15-4C39-BCED-5FECFD60A610}
		{AD22FBA4-7F0D-472A-9072-E9497BED2EC5} = {AD22FBA4-7F0D-472A-9072-E9497BED2EC5}
		{299F4DDF-A300-4E2B-9574-B274118EB6A6} = {299F4DDF-A300-4E2B-9574-B274118EB6A6}
		{606ADDB4-06F9-4948-947B-44C8A14F2AC8} = {606ADDB4-06F9-4948-947B-44C8A14F2AC8}
		{681A1475-6FF2-48CB-806C-28878715EC9F} = {681A1475-6FF2-48CB-806C-28878715EC9F}
		{E805AEAC-FC54-423F-BBC5-35B4BEE8BFAD} = {E805AEAC-FC54-423F-BBC5-35B4BEE8BFAD}
		{8B3C1FAA-5244-49CE-9D70-300980CDFC28} = {8B3C1FAA-5244-49CE-9D70-300980CDFC28}
		{6BFC7B68-A222-4708-A3AF-DAD259CE2415} = {6BFC7B68-A222-4708-A3AF-DAD259CE2415}
		{0CB9111F-1FED-4A67-A9A8-A0108331B317} = {0CB9111F-1FED-4A67-A9A8-A0108331B317}
		{DF083C97-56B2-4C12-807C-3A30E0E9D5D4} = {DF083C97-56B2-4C12-807C-3A30E0E9D5D4}
		{BA6A061A-796F-4606-937C-D21DFF36D3B2} = {BA6A061A-796F-4606-937C-D21DFF36D3B2}
		{A15D40AF-B521-49FE-AD4A-47C4771F0387} = {A15D40AF-B521-49FE-AD4A-47C4771F0387}
		{92A07C14-DD77-45F4-9608-0C9E7573AE1D} = {92A07C14-DD77-45F4-9608-0C9E7573AE1D}
		{6E1AEE16-22A6-495D-8EBE-60DE5773ACAE} = {6E1AEE16-22A6-495D-8EBE-60DE5773ACAE}
		{6E238126-A399-4DEB-B718-E20C0008B5BA} = {6E238126-A399-4DEB-B718-E20C0008B5BA}
		{767F2DD2-2BE8-48FF-8D14-F7EBCD1C813E} = {767F2DD2-2BE8-48FF-8D14-F7EBCD1C813E}
	EndProjectSection
EndProject
Project("{8BC9CEB8-8B4A-11D0-8D11-00A0C91BC942}") = "INSTALL", ".\INSTALL.vcproj", "{9A3431FE-13B9-46B9-93BD-B9B493279D3A}"
	ProjectSection(ProjectDependencies) = postProject
		{99F08945-4BCC-4EEB-9464-2FCE4E1DBCF7} = {99F08945-4BCC-4EEB-9464-2FCE4E1DBCF7}
	EndProjectSection
EndProject
Project("{8BC9CEB8-8B4A-11D0-8D11-00A0C91BC942}") = "OgreMain", "OgreMain\OgreMain.vcproj", "{BD6C2385-7C5D-46C3-8326-2B578B6CB655}"
	ProjectSection(ProjectDependencies) = postProject
		{69041F80-460E-449A-89CB-6DF499E2CED6} = {69041F80-460E-449A-89CB-6DF499E2CED6}
	EndProjectSection
EndProject
Project("{8BC9CEB8-8B4A-11D0-8D11-00A0C91BC942}") = "OgreMeshUpgrader", "Tools\MeshUpgrader\OgreMeshUpgrader.vcproj", "{7BFA3138-FAEB-45DF-9A92-1971FD420483}"
	ProjectSection(ProjectDependencies) = postProject
		{BD6C2385-7C5D-46C3-8326-2B578B6CB655} = {BD6C2385-7C5D-46C3-8326-2B578B6CB655}
		{69041F80-460E-449A-89CB-6DF499E2CED6} = {69041F80-460E-449A-89CB-6DF499E2CED6}
	EndProjectSection
EndProject
Project("{8BC9CEB8-8B4A-11D0-8D11-00A0C91BC942}") = "OgrePaging", "Components\Paging\OgrePaging.vcproj", "{A4C0962C-7C00-4567-91CC-AEA0462B4400}"
	ProjectSection(ProjectDependencies) = postProject
		{BD6C2385-7C5D-46C3-8326-2B578B6CB655} = {BD6C2385-7C5D-46C3-8326-2B578B6CB655}
		{69041F80-460E-449A-89CB-6DF499E2CED6} = {69041F80-460E-449A-89CB-6DF499E2CED6}
	EndProjectSection
EndProject
Project("{8BC9CEB8-8B4A-11D0-8D11-00A0C91BC942}") = "OgreRTShaderSystem", "Components\RTShaderSystem\OgreRTShaderSystem.vcproj", "{25D248EE-9A5B-400E-A623-203E0A41404C}"
	ProjectSection(ProjectDependencies) = postProject
		{BD6C2385-7C5D-46C3-8326-2B578B6CB655} = {BD6C2385-7C5D-46C3-8326-2B578B6CB655}
		{69041F80-460E-449A-89CB-6DF499E2CED6} = {69041F80-460E-449A-89CB-6DF499E2CED6}
	EndProjectSection
EndProject
Project("{8BC9CEB8-8B4A-11D0-8D11-00A0C91BC942}") = "OgreTerrain", "Components\Terrain\OgreTerrain.vcproj", "{813B3C18-D0EC-49CB-8E03-EB3EC2D734E2}"
	ProjectSection(ProjectDependencies) = postProject
		{BD6C2385-7C5D-46C3-8326-2B578B6CB655} = {BD6C2385-7C5D-46C3-8326-2B578B6CB655}
		{A4C0962C-7C00-4567-91CC-AEA0462B4400} = {A4C0962C-7C00-4567-91CC-AEA0462B4400}
		{BD6C2385-7C5D-46C3-8326-2B578B6CB655} = {BD6C2385-7C5D-46C3-8326-2B578B6CB655}
		{69041F80-460E-449A-89CB-6DF499E2CED6} = {69041F80-460E-449A-89CB-6DF499E2CED6}
	EndProjectSection
EndProject
Project("{8BC9CEB8-8B4A-11D0-8D11-00A0C91BC942}") = "OgreXMLConverter", "Tools\XMLConverter\OgreXMLConverter.vcproj", "{FF34BF45-85F4-4A6E-AB6D-3864E7C7F4FB}"
	ProjectSection(ProjectDependencies) = postProject
		{BD6C2385-7C5D-46C3-8326-2B578B6CB655} = {BD6C2385-7C5D-46C3-8326-2B578B6CB655}
		{69041F80-460E-449A-89CB-6DF499E2CED6} = {69041F80-460E-449A-89CB-6DF499E2CED6}
	EndProjectSection
EndProject
Project("{8BC9CEB8-8B4A-11D0-8D11-00A0C91BC942}") = "PACKAGE", ".\PACKAGE.vcproj", "{D9E662F5-54C4-4B37-B7B9-DCDF5A2C18B8}"
	ProjectSection(ProjectDependencies) = postProject
		{99F08945-4BCC-4EEB-9464-2FCE4E1DBCF7} = {99F08945-4BCC-4EEB-9464-2FCE4E1DBCF7}
	EndProjectSection
EndProject
Project("{8BC9CEB8-8B4A-11D0-8D11-00A0C91BC942}") = "Plugin_BSPSceneManager", "PlugIns\BSPSceneManager\Plugin_BSPSceneManager.vcproj", "{B474B229-5A60-4F7F-9FCD-D37072E2126F}"
	ProjectSection(ProjectDependencies) = postProject
		{BD6C2385-7C5D-46C3-8326-2B578B6CB655} = {BD6C2385-7C5D-46C3-8326-2B578B6CB655}
		{69041F80-460E-449A-89CB-6DF499E2CED6} = {69041F80-460E-449A-89CB-6DF499E2CED6}
	EndProjectSection
EndProject
Project("{8BC9CEB8-8B4A-11D0-8D11-00A0C91BC942}") = "Plugin_CgProgramManager", "PlugIns\CgProgramManager\Plugin_CgProgramManager.vcproj", "{CB2BD6B7-3044-4A36-B391-580FE4D43B71}"
	ProjectSection(ProjectDependencies) = postProject
		{BD6C2385-7C5D-46C3-8326-2B578B6CB655} = {BD6C2385-7C5D-46C3-8326-2B578B6CB655}
		{69041F80-460E-449A-89CB-6DF499E2CED6} = {69041F80-460E-449A-89CB-6DF499E2CED6}
	EndProjectSection
EndProject
Project("{8BC9CEB8-8B4A-11D0-8D11-00A0C91BC942}") = "Plugin_OctreeSceneManager", "PlugIns\OctreeSceneManager\Plugin_OctreeSceneManager.vcproj", "{5E497A3A-C591-4C59-A61A-4DE4371CD966}"
	ProjectSection(ProjectDependencies) = postProject
		{BD6C2385-7C5D-46C3-8326-2B578B6CB655} = {BD6C2385-7C5D-46C3-8326-2B578B6CB655}
		{69041F80-460E-449A-89CB-6DF499E2CED6} = {69041F80-460E-449A-89CB-6DF499E2CED6}
	EndProjectSection
EndProject
Project("{8BC9CEB8-8B4A-11D0-8D11-00A0C91BC942}") = "Plugin_OctreeZone", "PlugIns\OctreeZone\Plugin_OctreeZone.vcproj", "{DA87A3C9-9959-46B1-BC6D-44DDF8A01EE0}"
	ProjectSection(ProjectDependencies) = postProject
		{BD6C2385-7C5D-46C3-8326-2B578B6CB655} = {BD6C2385-7C5D-46C3-8326-2B578B6CB655}
		{6972A176-ECF4-4E5E-9A5B-99A5E1EE05E1} = {6972A176-ECF4-4E5E-9A5B-99A5E1EE05E1}
		{BD6C2385-7C5D-46C3-8326-2B578B6CB655} = {BD6C2385-7C5D-46C3-8326-2B578B6CB655}
		{69041F80-460E-449A-89CB-6DF499E2CED6} = {69041F80-460E-449A-89CB-6DF499E2CED6}
	EndProjectSection
EndProject
Project("{8BC9CEB8-8B4A-11D0-8D11-00A0C91BC942}") = "Plugin_PCZSceneManager", "PlugIns\PCZSceneManager\Plugin_PCZSceneManager.vcproj", "{6972A176-ECF4-4E5E-9A5B-99A5E1EE05E1}"
	ProjectSection(ProjectDependencies) = postProject
		{BD6C2385-7C5D-46C3-8326-2B578B6CB655} = {BD6C2385-7C5D-46C3-8326-2B578B6CB655}
		{69041F80-460E-449A-89CB-6DF499E2CED6} = {69041F80-460E-449A-89CB-6DF499E2CED6}
	EndProjectSection
EndProject
Project("{8BC9CEB8-8B4A-11D0-8D11-00A0C91BC942}") = "Plugin_ParticleFX", "PlugIns\ParticleFX\Plugin_ParticleFX.vcproj", "{810918C1-8C1B-4AF9-94A2-C55E1EC58143}"
	ProjectSection(ProjectDependencies) = postProject
		{BD6C2385-7C5D-46C3-8326-2B578B6CB655} = {BD6C2385-7C5D-46C3-8326-2B578B6CB655}
		{69041F80-460E-449A-89CB-6DF499E2CED6} = {69041F80-460E-449A-89CB-6DF499E2CED6}
	EndProjectSection
EndProject
Project("{8BC9CEB8-8B4A-11D0-8D11-00A0C91BC942}") = "RenderSystem_Direct3D9", "RenderSystems\Direct3D9\RenderSystem_Direct3D9.vcproj", "{64A5AB11-E585-4ADB-8274-0954FF493755}"
	ProjectSection(ProjectDependencies) = postProject
		{BD6C2385-7C5D-46C3-8326-2B578B6CB655} = {BD6C2385-7C5D-46C3-8326-2B578B6CB655}
		{69041F80-460E-449A-89CB-6DF499E2CED6} = {69041F80-460E-449A-89CB-6DF499E2CED6}
	EndProjectSection
EndProject
Project("{8BC9CEB8-8B4A-11D0-8D11-00A0C91BC942}") = "RenderSystem_GL", "RenderSystems\GL\RenderSystem_GL.vcproj", "{276909A0-FDF5-410C-98B3-A334895F2724}"
	ProjectSection(ProjectDependencies) = postProject
		{BD6C2385-7C5D-46C3-8326-2B578B6CB655} = {BD6C2385-7C5D-46C3-8326-2B578B6CB655}
		{69041F80-460E-449A-89CB-6DF499E2CED6} = {69041F80-460E-449A-89CB-6DF499E2CED6}
	EndProjectSection
EndProject
Project("{8BC9CEB8-8B4A-11D0-8D11-00A0C91BC942}") = "SampleBrowser", "Samples\Browser\SampleBrowser.vcproj", "{28ED2DD4-2D49-4EA2-BDF3-CCECF6DE4031}"
	ProjectSection(ProjectDependencies) = postProject
		{BD6C2385-7C5D-46C3-8326-2B578B6CB655} = {BD6C2385-7C5D-46C3-8326-2B578B6CB655}
		{25D248EE-9A5B-400E-A623-203E0A41404C} = {25D248EE-9A5B-400E-A623-203E0A41404C}
		{BD6C2385-7C5D-46C3-8326-2B578B6CB655} = {BD6C2385-7C5D-46C3-8326-2B578B6CB655}
		{A4C0962C-7C00-4567-91CC-AEA0462B4400} = {A4C0962C-7C00-4567-91CC-AEA0462B4400}
		{25D248EE-9A5B-400E-A623-203E0A41404C} = {25D248EE-9A5B-400E-A623-203E0A41404C}
		{813B3C18-D0EC-49CB-8E03-EB3EC2D734E2} = {813B3C18-D0EC-49CB-8E03-EB3EC2D734E2}
		{B474B229-5A60-4F7F-9FCD-D37072E2126F} = {B474B229-5A60-4F7F-9FCD-D37072E2126F}
		{CB2BD6B7-3044-4A36-B391-580FE4D43B71} = {CB2BD6B7-3044-4A36-B391-580FE4D43B71}
		{5E497A3A-C591-4C59-A61A-4DE4371CD966} = {5E497A3A-C591-4C59-A61A-4DE4371CD966}
		{DA87A3C9-9959-46B1-BC6D-44DDF8A01EE0} = {DA87A3C9-9959-46B1-BC6D-44DDF8A01EE0}
		{6972A176-ECF4-4E5E-9A5B-99A5E1EE05E1} = {6972A176-ECF4-4E5E-9A5B-99A5E1EE05E1}
		{810918C1-8C1B-4AF9-94A2-C55E1EC58143} = {810918C1-8C1B-4AF9-94A2-C55E1EC58143}
		{64A5AB11-E585-4ADB-8274-0954FF493755} = {64A5AB11-E585-4ADB-8274-0954FF493755}
		{276909A0-FDF5-410C-98B3-A334895F2724} = {276909A0-FDF5-410C-98B3-A334895F2724}
		{CE4D6F0C-F71B-41F3-9BB3-B1D9CDF30995} = {CE4D6F0C-F71B-41F3-9BB3-B1D9CDF30995}
		{F15BFB61-00F0-4C8D-B6DC-A3F30A70449C} = {F15BFB61-00F0-4C8D-B6DC-A3F30A70449C}
		{F8CB86F3-8EA3-4479-B3D7-8F86911B4567} = {F8CB86F3-8EA3-4479-B3D7-8F86911B4567}
		{CDF5BCB7-2ACA-4AB6-8181-546EF6364AF7} = {CDF5BCB7-2ACA-4AB6-8181-546EF6364AF7}
		{A841ABC0-A9AB-4562-8285-B6EB67EC9726} = {A841ABC0-A9AB-4562-8285-B6EB67EC9726}
		{C4E9FEEF-D0F1-4264-B731-22404DACCA09} = {C4E9FEEF-D0F1-4264-B731-22404DACCA09}
		{FDF32421-8F56-4056-9237-1BE8D147E420} = {FDF32421-8F56-4056-9237-1BE8D147E420}
		{2B262E11-DADF-40D2-9437-FD421610DBAD} = {2B262E11-DADF-40D2-9437-FD421610DBAD}
		{7E806BA0-965E-4009-A3B0-470AAF03BBE6} = {7E806BA0-965E-4009-A3B0-470AAF03BBE6}
		{26109120-C114-4851-A992-7F42B110755C} = {26109120-C114-4851-A992-7F42B110755C}
		{9B428AA9-1ABA-4914-9386-F584BD5A91F8} = {9B428AA9-1ABA-4914-9386-F584BD5A91F8}
		{2FD5BF28-55E0-4A22-BDE0-B0C1798C3E94} = {2FD5BF28-55E0-4A22-BDE0-B0C1798C3E94}
		{9967FA19-8CBA-4F53-AF5C-6CFA0073BAD8} = {9967FA19-8CBA-4F53-AF5C-6CFA0073BAD8}
		{72A4E988-6A98-43F1-8AB2-7A7F19921E26} = {72A4E988-6A98-43F1-8AB2-7A7F19921E26}
		{8B9642F9-DA0C-4FE5-8450-501D16E9F48B} = {8B9642F9-DA0C-4FE5-8450-501D16E9F48B}
		{4B9C29FC-C112-4452-9594-57C7F15AEF11} = {4B9C29FC-C112-4452-9594-57C7F15AEF11}
		{B21B1747-FE15-4C39-BCED-5FECFD60A610} = {B21B1747-FE15-4C39-BCED-5FECFD60A610}
		{AD22FBA4-7F0D-472A-9072-E9497BED2EC5} = {AD22FBA4-7F0D-472A-9072-E9497BED2EC5}
		{299F4DDF-A300-4E2B-9574-B274118EB6A6} = {299F4DDF-A300-4E2B-9574-B274118EB6A6}
		{606ADDB4-06F9-4948-947B-44C8A14F2AC8} = {606ADDB4-06F9-4948-947B-44C8A14F2AC8}
		{681A1475-6FF2-48CB-806C-28878715EC9F} = {681A1475-6FF2-48CB-806C-28878715EC9F}
		{E805AEAC-FC54-423F-BBC5-35B4BEE8BFAD} = {E805AEAC-FC54-423F-BBC5-35B4BEE8BFAD}
		{8B3C1FAA-5244-49CE-9D70-300980CDFC28} = {8B3C1FAA-5244-49CE-9D70-300980CDFC28}
		{6BFC7B68-A222-4708-A3AF-DAD259CE2415} = {6BFC7B68-A222-4708-A3AF-DAD259CE2415}
		{0CB9111F-1FED-4A67-A9A8-A0108331B317} = {0CB9111F-1FED-4A67-A9A8-A0108331B317}
		{DF083C97-56B2-4C12-807C-3A30E0E9D5D4} = {DF083C97-56B2-4C12-807C-3A30E0E9D5D4}
		{BA6A061A-796F-4606-937C-D21DFF36D3B2} = {BA6A061A-796F-4606-937C-D21DFF36D3B2}
		{A15D40AF-B521-49FE-AD4A-47C4771F0387} = {A15D40AF-B521-49FE-AD4A-47C4771F0387}
		{92A07C14-DD77-45F4-9608-0C9E7573AE1D} = {92A07C14-DD77-45F4-9608-0C9E7573AE1D}
		{6E1AEE16-22A6-495D-8EBE-60DE5773ACAE} = {6E1AEE16-22A6-495D-8EBE-60DE5773ACAE}
		{6E238126-A399-4DEB-B718-E20C0008B5BA} = {6E238126-A399-4DEB-B718-E20C0008B5BA}
		{767F2DD2-2BE8-48FF-8D14-F7EBCD1C813E} = {767F2DD2-2BE8-48FF-8D14-F7EBCD1C813E}
		{69041F80-460E-449A-89CB-6DF499E2CED6} = {69041F80-460E-449A-89CB-6DF499E2CED6}
	EndProjectSection
EndProject
Project("{8BC9CEB8-8B4A-11D0-8D11-00A0C91BC942}") = "Sample_BSP", "Samples\BSP\Sample_BSP.vcproj", "{CE4D6F0C-F71B-41F3-9BB3-B1D9CDF30995}"
	ProjectSection(ProjectDependencies) = postProject
		{BD6C2385-7C5D-46C3-8326-2B578B6CB655} = {BD6C2385-7C5D-46C3-8326-2B578B6CB655}
		{25D248EE-9A5B-400E-A623-203E0A41404C} = {25D248EE-9A5B-400E-A623-203E0A41404C}
		{BD6C2385-7C5D-46C3-8326-2B578B6CB655} = {BD6C2385-7C5D-46C3-8326-2B578B6CB655}
		{69041F80-460E-449A-89CB-6DF499E2CED6} = {69041F80-460E-449A-89CB-6DF499E2CED6}
	EndProjectSection
EndProject
Project("{8BC9CEB8-8B4A-11D0-8D11-00A0C91BC942}") = "Sample_BezierPatch", "Samples\BezierPatch\Sample_BezierPatch.vcproj", "{F15BFB61-00F0-4C8D-B6DC-A3F30A70449C}"
	ProjectSection(ProjectDependencies) = postProject
		{BD6C2385-7C5D-46C3-8326-2B578B6CB655} = {BD6C2385-7C5D-46C3-8326-2B578B6CB655}
		{25D248EE-9A5B-400E-A623-203E0A41404C} = {25D248EE-9A5B-400E-A623-203E0A41404C}
		{BD6C2385-7C5D-46C3-8326-2B578B6CB655} = {BD6C2385-7C5D-46C3-8326-2B578B6CB655}
		{69041F80-460E-449A-89CB-6DF499E2CED6} = {69041F80-460E-449A-89CB-6DF499E2CED6}
	EndProjectSection
EndProject
Project("{8BC9CEB8-8B4A-11D0-8D11-00A0C91BC942}") = "Sample_CameraTrack", "Samples\CameraTrack\Sample_CameraTrack.vcproj", "{F8CB86F3-8EA3-4479-B3D7-8F86911B4567}"
	ProjectSection(ProjectDependencies) = postProject
		{BD6C2385-7C5D-46C3-8326-2B578B6CB655} = {BD6C2385-7C5D-46C3-8326-2B578B6CB655}
		{25D248EE-9A5B-400E-A623-203E0A41404C} = {25D248EE-9A5B-400E-A623-203E0A41404C}
		{BD6C2385-7C5D-46C3-8326-2B578B6CB655} = {BD6C2385-7C5D-46C3-8326-2B578B6CB655}
		{69041F80-460E-449A-89CB-6DF499E2CED6} = {69041F80-460E-449A-89CB-6DF499E2CED6}
	EndProjectSection
EndProject
Project("{8BC9CEB8-8B4A-11D0-8D11-00A0C91BC942}") = "Sample_CelShading", "Samples\CelShading\Sample_CelShading.vcproj", "{CDF5BCB7-2ACA-4AB6-8181-546EF6364AF7}"
	ProjectSection(ProjectDependencies) = postProject
		{BD6C2385-7C5D-46C3-8326-2B578B6CB655} = {BD6C2385-7C5D-46C3-8326-2B578B6CB655}
		{25D248EE-9A5B-400E-A623-203E0A41404C} = {25D248EE-9A5B-400E-A623-203E0A41404C}
		{BD6C2385-7C5D-46C3-8326-2B578B6CB655} = {BD6C2385-7C5D-46C3-8326-2B578B6CB655}
		{69041F80-460E-449A-89CB-6DF499E2CED6} = {69041F80-460E-449A-89CB-6DF499E2CED6}
	EndProjectSection
EndProject
Project("{8BC9CEB8-8B4A-11D0-8D11-00A0C91BC942}") = "Sample_Character", "Samples\Character\Sample_Character.vcproj", "{A841ABC0-A9AB-4562-8285-B6EB67EC9726}"
	ProjectSection(ProjectDependencies) = postProject
		{BD6C2385-7C5D-46C3-8326-2B578B6CB655} = {BD6C2385-7C5D-46C3-8326-2B578B6CB655}
		{25D248EE-9A5B-400E-A623-203E0A41404C} = {25D248EE-9A5B-400E-A623-203E0A41404C}
		{BD6C2385-7C5D-46C3-8326-2B578B6CB655} = {BD6C2385-7C5D-46C3-8326-2B578B6CB655}
		{69041F80-460E-449A-89CB-6DF499E2CED6} = {69041F80-460E-449A-89CB-6DF499E2CED6}
	EndProjectSection
EndProject
Project("{8BC9CEB8-8B4A-11D0-8D11-00A0C91BC942}") = "Sample_Compositor", "Samples\Compositor\Sample_Compositor.vcproj", "{C4E9FEEF-D0F1-4264-B731-22404DACCA09}"
	ProjectSection(ProjectDependencies) = postProject
		{BD6C2385-7C5D-46C3-8326-2B578B6CB655} = {BD6C2385-7C5D-46C3-8326-2B578B6CB655}
		{25D248EE-9A5B-400E-A623-203E0A41404C} = {25D248EE-9A5B-400E-A623-203E0A41404C}
		{BD6C2385-7C5D-46C3-8326-2B578B6CB655} = {BD6C2385-7C5D-46C3-8326-2B578B6CB655}
		{69041F80-460E-449A-89CB-6DF499E2CED6} = {69041F80-460E-449A-89CB-6DF499E2CED6}
	EndProjectSection
EndProject
Project("{8BC9CEB8-8B4A-11D0-8D11-00A0C91BC942}") = "Sample_CubeMapping", "Samples\CubeMapping\Sample_CubeMapping.vcproj", "{FDF32421-8F56-4056-9237-1BE8D147E420}"
	ProjectSection(ProjectDependencies) = postProject
		{BD6C2385-7C5D-46C3-8326-2B578B6CB655} = {BD6C2385-7C5D-46C3-8326-2B578B6CB655}
		{25D248EE-9A5B-400E-A623-203E0A41404C} = {25D248EE-9A5B-400E-A623-203E0A41404C}
		{BD6C2385-7C5D-46C3-8326-2B578B6CB655} = {BD6C2385-7C5D-46C3-8326-2B578B6CB655}
		{69041F80-460E-449A-89CB-6DF499E2CED6} = {69041F80-460E-449A-89CB-6DF499E2CED6}
	EndProjectSection
EndProject
Project("{8BC9CEB8-8B4A-11D0-8D11-00A0C91BC942}") = "Sample_DeferredShading", "Samples\DeferredShading\Sample_DeferredShading.vcproj", "{2B262E11-DADF-40D2-9437-FD421610DBAD}"
	ProjectSection(ProjectDependencies) = postProject
		{BD6C2385-7C5D-46C3-8326-2B578B6CB655} = {BD6C2385-7C5D-46C3-8326-2B578B6CB655}
		{25D248EE-9A5B-400E-A623-203E0A41404C} = {25D248EE-9A5B-400E-A623-203E0A41404C}
		{BD6C2385-7C5D-46C3-8326-2B578B6CB655} = {BD6C2385-7C5D-46C3-8326-2B578B6CB655}
		{69041F80-460E-449A-89CB-6DF499E2CED6} = {69041F80-460E-449A-89CB-6DF499E2CED6}
	EndProjectSection
EndProject
Project("{8BC9CEB8-8B4A-11D0-8D11-00A0C91BC942}") = "Sample_Dot3Bump", "Samples\Dot3Bump\Sample_Dot3Bump.vcproj", "{7E806BA0-965E-4009-A3B0-470AAF03BBE6}"
	ProjectSection(ProjectDependencies) = postProject
		{BD6C2385-7C5D-46C3-8326-2B578B6CB655} = {BD6C2385-7C5D-46C3-8326-2B578B6CB655}
		{25D248EE-9A5B-400E-A623-203E0A41404C} = {25D248EE-9A5B-400E-A623-203E0A41404C}
		{BD6C2385-7C5D-46C3-8326-2B578B6CB655} = {BD6C2385-7C5D-46C3-8326-2B578B6CB655}
		{69041F80-460E-449A-89CB-6DF499E2CED6} = {69041F80-460E-449A-89CB-6DF499E2CED6}
	EndProjectSection
EndProject
Project("{8BC9CEB8-8B4A-11D0-8D11-00A0C91BC942}") = "Sample_DynTex", "Samples\DynTex\Sample_DynTex.vcproj", "{26109120-C114-4851-A992-7F42B110755C}"
	ProjectSection(ProjectDependencies) = postProject
		{BD6C2385-7C5D-46C3-8326-2B578B6CB655} = {BD6C2385-7C5D-46C3-8326-2B578B6CB655}
		{25D248EE-9A5B-400E-A623-203E0A41404C} = {25D248EE-9A5B-400E-A623-203E0A41404C}
		{BD6C2385-7C5D-46C3-8326-2B578B6CB655} = {BD6C2385-7C5D-46C3-8326-2B578B6CB655}
		{69041F80-460E-449A-89CB-6DF499E2CED6} = {69041F80-460E-449A-89CB-6DF499E2CED6}
	EndProjectSection
EndProject
Project("{8BC9CEB8-8B4A-11D0-8D11-00A0C91BC942}") = "Sample_FacialAnimation", "Samples\FacialAnimation\Sample_FacialAnimation.vcproj", "{9B428AA9-1ABA-4914-9386-F584BD5A91F8}"
	ProjectSection(ProjectDependencies) = postProject
		{BD6C2385-7C5D-46C3-8326-2B578B6CB655} = {BD6C2385-7C5D-46C3-8326-2B578B6CB655}
		{25D248EE-9A5B-400E-A623-203E0A41404C} = {25D248EE-9A5B-400E-A623-203E0A41404C}
		{BD6C2385-7C5D-46C3-8326-2B578B6CB655} = {BD6C2385-7C5D-46C3-8326-2B578B6CB655}
		{69041F80-460E-449A-89CB-6DF499E2CED6} = {69041F80-460E-449A-89CB-6DF499E2CED6}
	EndProjectSection
EndProject
Project("{8BC9CEB8-8B4A-11D0-8D11-00A0C91BC942}") = "Sample_Fresnel", "Samples\Fresnel\Sample_Fresnel.vcproj", "{2FD5BF28-55E0-4A22-BDE0-B0C1798C3E94}"
	ProjectSection(ProjectDependencies) = postProject
		{BD6C2385-7C5D-46C3-8326-2B578B6CB655} = {BD6C2385-7C5D-46C3-8326-2B578B6CB655}
		{25D248EE-9A5B-400E-A623-203E0A41404C} = {25D248EE-9A5B-400E-A623-203E0A41404C}
		{BD6C2385-7C5D-46C3-8326-2B578B6CB655} = {BD6C2385-7C5D-46C3-8326-2B578B6CB655}
		{69041F80-460E-449A-89CB-6DF499E2CED6} = {69041F80-460E-449A-89CB-6DF499E2CED6}
	EndProjectSection
EndProject
Project("{8BC9CEB8-8B4A-11D0-8D11-00A0C91BC942}") = "Sample_Grass", "Samples\Grass\Sample_Grass.vcproj", "{9967FA19-8CBA-4F53-AF5C-6CFA0073BAD8}"
	ProjectSection(ProjectDependencies) = postProject
		{BD6C2385-7C5D-46C3-8326-2B578B6CB655} = {BD6C2385-7C5D-46C3-8326-2B578B6CB655}
		{25D248EE-9A5B-400E-A623-203E0A41404C} = {25D248EE-9A5B-400E-A623-203E0A41404C}
		{BD6C2385-7C5D-46C3-8326-2B578B6CB655} = {BD6C2385-7C5D-46C3-8326-2B578B6CB655}
		{69041F80-460E-449A-89CB-6DF499E2CED6} = {69041F80-460E-449A-89CB-6DF499E2CED6}
	EndProjectSection
EndProject
Project("{8BC9CEB8-8B4A-11D0-8D11-00A0C91BC942}") = "Sample_Instancing", "Samples\Instancing\Sample_Instancing.vcproj", "{72A4E988-6A98-43F1-8AB2-7A7F19921E26}"
	ProjectSection(ProjectDependencies) = postProject
		{BD6C2385-7C5D-46C3-8326-2B578B6CB655} = {BD6C2385-7C5D-46C3-8326-2B578B6CB655}
		{25D248EE-9A5B-400E-A623-203E0A41404C} = {25D248EE-9A5B-400E-A623-203E0A41404C}
		{BD6C2385-7C5D-46C3-8326-2B578B6CB655} = {BD6C2385-7C5D-46C3-8326-2B578B6CB655}
		{69041F80-460E-449A-89CB-6DF499E2CED6} = {69041F80-460E-449A-89CB-6DF499E2CED6}
	EndProjectSection
EndProject
Project("{8BC9CEB8-8B4A-11D0-8D11-00A0C91BC942}") = "Sample_Isosurf", "Samples\Isosurf\Sample_Isosurf.vcproj", "{8B9642F9-DA0C-4FE5-8450-501D16E9F48B}"
	ProjectSection(ProjectDependencies) = postProject
		{BD6C2385-7C5D-46C3-8326-2B578B6CB655} = {BD6C2385-7C5D-46C3-8326-2B578B6CB655}
		{25D248EE-9A5B-400E-A623-203E0A41404C} = {25D248EE-9A5B-400E-A623-203E0A41404C}
		{BD6C2385-7C5D-46C3-8326-2B578B6CB655} = {BD6C2385-7C5D-46C3-8326-2B578B6CB655}
		{69041F80-460E-449A-89CB-6DF499E2CED6} = {69041F80-460E-449A-89CB-6DF499E2CED6}
	EndProjectSection
EndProject
Project("{8BC9CEB8-8B4A-11D0-8D11-00A0C91BC942}") = "Sample_Lighting", "Samples\Lighting\Sample_Lighting.vcproj", "{4B9C29FC-C112-4452-9594-57C7F15AEF11}"
	ProjectSection(ProjectDependencies) = postProject
		{BD6C2385-7C5D-46C3-8326-2B578B6CB655} = {BD6C2385-7C5D-46C3-8326-2B578B6CB655}
		{25D248EE-9A5B-400E-A623-203E0A41404C} = {25D248EE-9A5B-400E-A623-203E0A41404C}
		{BD6C2385-7C5D-46C3-8326-2B578B6CB655} = {BD6C2385-7C5D-46C3-8326-2B578B6CB655}
		{69041F80-460E-449A-89CB-6DF499E2CED6} = {69041F80-460E-449A-89CB-6DF499E2CED6}
	EndProjectSection
EndProject
Project("{8BC9CEB8-8B4A-11D0-8D11-00A0C91BC942}") = "Sample_Ocean", "Samples\OceanDemo\Sample_Ocean.vcproj", "{B21B1747-FE15-4C39-BCED-5FECFD60A610}"
	ProjectSection(ProjectDependencies) = postProject
		{BD6C2385-7C5D-46C3-8326-2B578B6CB655} = {BD6C2385-7C5D-46C3-8326-2B578B6CB655}
		{25D248EE-9A5B-400E-A623-203E0A41404C} = {25D248EE-9A5B-400E-A623-203E0A41404C}
		{BD6C2385-7C5D-46C3-8326-2B578B6CB655} = {BD6C2385-7C5D-46C3-8326-2B578B6CB655}
		{69041F80-460E-449A-89CB-6DF499E2CED6} = {69041F80-460E-449A-89CB-6DF499E2CED6}
	EndProjectSection
EndProject
Project("{8BC9CEB8-8B4A-11D0-8D11-00A0C91BC942}") = "Sample_ParticleFX", "Samples\ParticleFX\Sample_ParticleFX.vcproj", "{AD22FBA4-7F0D-472A-9072-E9497BED2EC5}"
	ProjectSection(ProjectDependencies) = postProject
		{BD6C2385-7C5D-46C3-8326-2B578B6CB655} = {BD6C2385-7C5D-46C3-8326-2B578B6CB655}
		{25D248EE-9A5B-400E-A623-203E0A41404C} = {25D248EE-9A5B-400E-A623-203E0A41404C}
		{BD6C2385-7C5D-46C3-8326-2B578B6CB655} = {BD6C2385-7C5D-46C3-8326-2B578B6CB655}
		{69041F80-460E-449A-89CB-6DF499E2CED6} = {69041F80-460E-449A-89CB-6DF499E2CED6}
	EndProjectSection
EndProject
Project("{8BC9CEB8-8B4A-11D0-8D11-00A0C91BC942}") = "Sample_ParticleGS", "Samples\ParticleGS\Sample_ParticleGS.vcproj", "{299F4DDF-A300-4E2B-9574-B274118EB6A6}"
	ProjectSection(ProjectDependencies) = postProject
		{BD6C2385-7C5D-46C3-8326-2B578B6CB655} = {BD6C2385-7C5D-46C3-8326-2B578B6CB655}
		{25D248EE-9A5B-400E-A623-203E0A41404C} = {25D248EE-9A5B-400E-A623-203E0A41404C}
		{BD6C2385-7C5D-46C3-8326-2B578B6CB655} = {BD6C2385-7C5D-46C3-8326-2B578B6CB655}
		{69041F80-460E-449A-89CB-6DF499E2CED6} = {69041F80-460E-449A-89CB-6DF499E2CED6}
	EndProjectSection
EndProject
Project("{8BC9CEB8-8B4A-11D0-8D11-00A0C91BC942}") = "Sample_ShaderSystem", "Samples\ShaderSystem\Sample_ShaderSystem.vcproj", "{606ADDB4-06F9-4948-947B-44C8A14F2AC8}"
	ProjectSection(ProjectDependencies) = postProject
		{BD6C2385-7C5D-46C3-8326-2B578B6CB655} = {BD6C2385-7C5D-46C3-8326-2B578B6CB655}
		{25D248EE-9A5B-400E-A623-203E0A41404C} = {25D248EE-9A5B-400E-A623-203E0A41404C}
		{BD6C2385-7C5D-46C3-8326-2B578B6CB655} = {BD6C2385-7C5D-46C3-8326-2B578B6CB655}
		{69041F80-460E-449A-89CB-6DF499E2CED6} = {69041F80-460E-449A-89CB-6DF499E2CED6}
	EndProjectSection
EndProject
Project("{8BC9CEB8-8B4A-11D0-8D11-00A0C91BC942}") = "Sample_Shadows", "Samples\Shadows\Sample_Shadows.vcproj", "{681A1475-6FF2-48CB-806C-28878715EC9F}"
	ProjectSection(ProjectDependencies) = postProject
		{BD6C2385-7C5D-46C3-8326-2B578B6CB655} = {BD6C2385-7C5D-46C3-8326-2B578B6CB655}
		{25D248EE-9A5B-400E-A623-203E0A41404C} = {25D248EE-9A5B-400E-A623-203E0A41404C}
		{BD6C2385-7C5D-46C3-8326-2B578B6CB655} = {BD6C2385-7C5D-46C3-8326-2B578B6CB655}
		{69041F80-460E-449A-89CB-6DF499E2CED6} = {69041F80-460E-449A-89CB-6DF499E2CED6}
	EndProjectSection
EndProject
Project("{8BC9CEB8-8B4A-11D0-8D11-00A0C91BC942}") = "Sample_SkeletalAnimation", "Samples\SkeletalAnimation\Sample_SkeletalAnimation.vcproj", "{E805AEAC-FC54-423F-BBC5-35B4BEE8BFAD}"
	ProjectSection(ProjectDependencies) = postProject
		{BD6C2385-7C5D-46C3-8326-2B578B6CB655} = {BD6C2385-7C5D-46C3-8326-2B578B6CB655}
		{25D248EE-9A5B-400E-A623-203E0A41404C} = {25D248EE-9A5B-400E-A623-203E0A41404C}
		{BD6C2385-7C5D-46C3-8326-2B578B6CB655} = {BD6C2385-7C5D-46C3-8326-2B578B6CB655}
		{69041F80-460E-449A-89CB-6DF499E2CED6} = {69041F80-460E-449A-89CB-6DF499E2CED6}
	EndProjectSection
EndProject
Project("{8BC9CEB8-8B4A-11D0-8D11-00A0C91BC942}") = "Sample_SkyBox", "Samples\SkyBox\Sample_SkyBox.vcproj", "{8B3C1FAA-5244-49CE-9D70-300980CDFC28}"
	ProjectSection(ProjectDependencies) = postProject
		{BD6C2385-7C5D-46C3-8326-2B578B6CB655} = {BD6C2385-7C5D-46C3-8326-2B578B6CB655}
		{25D248EE-9A5B-400E-A623-203E0A41404C} = {25D248EE-9A5B-400E-A623-203E0A41404C}
		{BD6C2385-7C5D-46C3-8326-2B578B6CB655} = {BD6C2385-7C5D-46C3-8326-2B578B6CB655}
		{69041F80-460E-449A-89CB-6DF499E2CED6} = {69041F80-460E-449A-89CB-6DF499E2CED6}
	EndProjectSection
EndProject
Project("{8BC9CEB8-8B4A-11D0-8D11-00A0C91BC942}") = "Sample_SkyDome", "Samples\SkyDome\Sample_SkyDome.vcproj", "{6BFC7B68-A222-4708-A3AF-DAD259CE2415}"
	ProjectSection(ProjectDependencies) = postProject
		{BD6C2385-7C5D-46C3-8326-2B578B6CB655} = {BD6C2385-7C5D-46C3-8326-2B578B6CB655}
		{25D248EE-9A5B-400E-A623-203E0A41404C} = {25D248EE-9A5B-400E-A623-203E0A41404C}
		{BD6C2385-7C5D-46C3-8326-2B578B6CB655} = {BD6C2385-7C5D-46C3-8326-2B578B6CB655}
		{69041F80-460E-449A-89CB-6DF499E2CED6} = {69041F80-460E-449A-89CB-6DF499E2CED6}
	EndProjectSection
EndProject
Project("{8BC9CEB8-8B4A-11D0-8D11-00A0C91BC942}") = "Sample_SkyPlane", "Samples\SkyPlane\Sample_SkyPlane.vcproj", "{0CB9111F-1FED-4A67-A9A8-A0108331B317}"
	ProjectSection(ProjectDependencies) = postProject
		{BD6C2385-7C5D-46C3-8326-2B578B6CB655} = {BD6C2385-7C5D-46C3-8326-2B578B6CB655}
		{25D248EE-9A5B-400E-A623-203E0A41404C} = {25D248EE-9A5B-400E-A623-203E0A41404C}
		{BD6C2385-7C5D-46C3-8326-2B578B6CB655} = {BD6C2385-7C5D-46C3-8326-2B578B6CB655}
		{69041F80-460E-449A-89CB-6DF499E2CED6} = {69041F80-460E-449A-89CB-6DF499E2CED6}
	EndProjectSection
EndProject
Project("{8BC9CEB8-8B4A-11D0-8D11-00A0C91BC942}") = "Sample_Smoke", "Samples\Smoke\Sample_Smoke.vcproj", "{DF083C97-56B2-4C12-807C-3A30E0E9D5D4}"
	ProjectSection(ProjectDependencies) = postProject
		{BD6C2385-7C5D-46C3-8326-2B578B6CB655} = {BD6C2385-7C5D-46C3-8326-2B578B6CB655}
		{25D248EE-9A5B-400E-A623-203E0A41404C} = {25D248EE-9A5B-400E-A623-203E0A41404C}
		{BD6C2385-7C5D-46C3-8326-2B578B6CB655} = {BD6C2385-7C5D-46C3-8326-2B578B6CB655}
		{69041F80-460E-449A-89CB-6DF499E2CED6} = {69041F80-460E-449A-89CB-6DF499E2CED6}
	EndProjectSection
EndProject
Project("{8BC9CEB8-8B4A-11D0-8D11-00A0C91BC942}") = "Sample_SphereMapping", "Samples\SphereMapping\Sample_SphereMapping.vcproj", "{BA6A061A-796F-4606-937C-D21DFF36D3B2}"
	ProjectSection(ProjectDependencies) = postProject
		{BD6C2385-7C5D-46C3-8326-2B578B6CB655} = {BD6C2385-7C5D-46C3-8326-2B578B6CB655}
		{25D248EE-9A5B-400E-A623-203E0A41404C} = {25D248EE-9A5B-400E-A623-203E0A41404C}
		{BD6C2385-7C5D-46C3-8326-2B578B6CB655} = {BD6C2385-7C5D-46C3-8326-2B578B6CB655}
		{69041F80-460E-449A-89CB-6DF499E2CED6} = {69041F80-460E-449A-89CB-6DF499E2CED6}
	EndProjectSection
EndProject
Project("{8BC9CEB8-8B4A-11D0-8D11-00A0C91BC942}") = "Sample_Terrain", "Samples\Terrain\Sample_Terrain.vcproj", "{A15D40AF-B521-49FE-AD4A-47C4771F0387}"
	ProjectSection(ProjectDependencies) = postProject
		{BD6C2385-7C5D-46C3-8326-2B578B6CB655} = {BD6C2385-7C5D-46C3-8326-2B578B6CB655}
		{25D248EE-9A5B-400E-A623-203E0A41404C} = {25D248EE-9A5B-400E-A623-203E0A41404C}
		{813B3C18-D0EC-49CB-8E03-EB3EC2D734E2} = {813B3C18-D0EC-49CB-8E03-EB3EC2D734E2}
		{A4C0962C-7C00-4567-91CC-AEA0462B4400} = {A4C0962C-7C00-4567-91CC-AEA0462B4400}
		{BD6C2385-7C5D-46C3-8326-2B578B6CB655} = {BD6C2385-7C5D-46C3-8326-2B578B6CB655}
		{69041F80-460E-449A-89CB-6DF499E2CED6} = {69041F80-460E-449A-89CB-6DF499E2CED6}
	EndProjectSection
EndProject
Project("{8BC9CEB8-8B4A-11D0-8D11-00A0C91BC942}") = "Sample_TextureFX", "Samples\TextureFX\Sample_TextureFX.vcproj", "{92A07C14-DD77-45F4-9608-0C9E7573AE1D}"
	ProjectSection(ProjectDependencies) = postProject
		{BD6C2385-7C5D-46C3-8326-2B578B6CB655} = {BD6C2385-7C5D-46C3-8326-2B578B6CB655}
		{25D248EE-9A5B-400E-A623-203E0A41404C} = {25D248EE-9A5B-400E-A623-203E0A41404C}
		{BD6C2385-7C5D-46C3-8326-2B578B6CB655} = {BD6C2385-7C5D-46C3-8326-2B578B6CB655}
		{69041F80-460E-449A-89CB-6DF499E2CED6} = {69041F80-460E-449A-89CB-6DF499E2CED6}
	EndProjectSection
EndProject
Project("{8BC9CEB8-8B4A-11D0-8D11-00A0C91BC942}") = "Sample_Transparency", "Samples\Transparency\Sample_Transparency.vcproj", "{6E1AEE16-22A6-495D-8EBE-60DE5773ACAE}"
	ProjectSection(ProjectDependencies) = postProject
		{BD6C2385-7C5D-46C3-8326-2B578B6CB655} = {BD6C2385-7C5D-46C3-8326-2B578B6CB655}
		{25D248EE-9A5B-400E-A623-203E0A41404C} = {25D248EE-9A5B-400E-A623-203E0A41404C}
		{BD6C2385-7C5D-46C3-8326-2B578B6CB655} = {BD6C2385-7C5D-46C3-8326-2B578B6CB655}
		{69041F80-460E-449A-89CB-6DF499E2CED6} = {69041F80-460E-449A-89CB-6DF499E2CED6}
	EndProjectSection
EndProject
Project("{8BC9CEB8-8B4A-11D0-8D11-00A0C91BC942}") = "Sample_VolumeTex", "Samples\VolumeTex\Sample_VolumeTex.vcproj", "{6E238126-A399-4DEB-B718-E20C0008B5BA}"
	ProjectSection(ProjectDependencies) = postProject
		{BD6C2385-7C5D-46C3-8326-2B578B6CB655} = {BD6C2385-7C5D-46C3-8326-2B578B6CB655}
		{25D248EE-9A5B-400E-A623-203E0A41404C} = {25D248EE-9A5B-400E-A623-203E0A41404C}
		{BD6C2385-7C5D-46C3-8326-2B578B6CB655} = {BD6C2385-7C5D-46C3-8326-2B578B6CB655}
		{69041F80-460E-449A-89CB-6DF499E2CED6} = {69041F80-460E-449A-89CB-6DF499E2CED6}
	EndProjectSection
EndProject
Project("{8BC9CEB8-8B4A-11D0-8D11-00A0C91BC942}") = "Sample_Water", "Samples\Water\Sample_Water.vcproj", "{767F2DD2-2BE8-48FF-8D14-F7EBCD1C813E}"
	ProjectSection(ProjectDependencies) = postProject
		{BD6C2385-7C5D-46C3-8326-2B578B6CB655} = {BD6C2385-7C5D-46C3-8326-2B578B6CB655}
		{25D248EE-9A5B-400E-A623-203E0A41404C} = {25D248EE-9A5B-400E-A623-203E0A41404C}
		{BD6C2385-7C5D-46C3-8326-2B578B6CB655} = {BD6C2385-7C5D-46C3-8326-2B578B6CB655}
		{69041F80-460E-449A-89CB-6DF499E2CED6} = {69041F80-460E-449A-89CB-6DF499E2CED6}
	EndProjectSection
EndProject
Global
	GlobalSection(SolutionConfigurationPlatforms) = preSolution
		Debug|Win32 = Debug|Win32
		Release|Win32 = Release|Win32
		MinSizeRel|Win32 = MinSizeRel|Win32
		RelWithDebInfo|Win32 = RelWithDebInfo|Win32
	EndGlobalSection
	GlobalSection(ProjectConfigurationPlatforms) = postSolution
		{99F08945-4BCC-4EEB-9464-2FCE4E1DBCF7}.Debug|Win32.ActiveCfg = Debug|Win32
		{99F08945-4BCC-4EEB-9464-2FCE4E1DBCF7}.Debug|Win32.Build.0 = Debug|Win32
		{99F08945-4BCC-4EEB-9464-2FCE4E1DBCF7}.Release|Win32.ActiveCfg = Release|Win32
		{99F08945-4BCC-4EEB-9464-2FCE4E1DBCF7}.Release|Win32.Build.0 = Release|Win32
		{99F08945-4BCC-4EEB-9464-2FCE4E1DBCF7}.MinSizeRel|Win32.ActiveCfg = MinSizeRel|Win32
		{99F08945-4BCC-4EEB-9464-2FCE4E1DBCF7}.MinSizeRel|Win32.Build.0 = MinSizeRel|Win32
		{99F08945-4BCC-4EEB-9464-2FCE4E1DBCF7}.RelWithDebInfo|Win32.ActiveCfg = RelWithDebInfo|Win32
		{99F08945-4BCC-4EEB-9464-2FCE4E1DBCF7}.RelWithDebInfo|Win32.Build.0 = RelWithDebInfo|Win32
		{9A3431FE-13B9-46B9-93BD-B9B493279D3A}.Debug|Win32.ActiveCfg = Debug|Win32
		{9A3431FE-13B9-46B9-93BD-B9B493279D3A}.Release|Win32.ActiveCfg = Release|Win32
		{9A3431FE-13B9-46B9-93BD-B9B493279D3A}.MinSizeRel|Win32.ActiveCfg = MinSizeRel|Win32
		{9A3431FE-13B9-46B9-93BD-B9B493279D3A}.RelWithDebInfo|Win32.ActiveCfg = RelWithDebInfo|Win32
		{BD6C2385-7C5D-46C3-8326-2B578B6CB655}.Debug|Win32.ActiveCfg = Debug|Win32
		{BD6C2385-7C5D-46C3-8326-2B578B6CB655}.Debug|Win32.Build.0 = Debug|Win32
		{BD6C2385-7C5D-46C3-8326-2B578B6CB655}.Release|Win32.ActiveCfg = Release|Win32
		{BD6C2385-7C5D-46C3-8326-2B578B6CB655}.Release|Win32.Build.0 = Release|Win32
		{BD6C2385-7C5D-46C3-8326-2B578B6CB655}.MinSizeRel|Win32.ActiveCfg = MinSizeRel|Win32
		{BD6C2385-7C5D-46C3-8326-2B578B6CB655}.MinSizeRel|Win32.Build.0 = MinSizeRel|Win32
		{BD6C2385-7C5D-46C3-8326-2B578B6CB655}.RelWithDebInfo|Win32.ActiveCfg = RelWithDebInfo|Win32
		{BD6C2385-7C5D-46C3-8326-2B578B6CB655}.RelWithDebInfo|Win32.Build.0 = RelWithDebInfo|Win32
		{7BFA3138-FAEB-45DF-9A92-1971FD420483}.Debug|Win32.ActiveCfg = Debug|Win32
		{7BFA3138-FAEB-45DF-9A92-1971FD420483}.Debug|Win32.Build.0 = Debug|Win32
		{7BFA3138-FAEB-45DF-9A92-1971FD420483}.Release|Win32.ActiveCfg = Release|Win32
		{7BFA3138-FAEB-45DF-9A92-1971FD420483}.Release|Win32.Build.0 = Release|Win32
		{7BFA3138-FAEB-45DF-9A92-1971FD420483}.MinSizeRel|Win32.ActiveCfg = MinSizeRel|Win32
		{7BFA3138-FAEB-45DF-9A92-1971FD420483}.MinSizeRel|Win32.Build.0 = MinSizeRel|Win32
		{7BFA3138-FAEB-45DF-9A92-1971FD420483}.RelWithDebInfo|Win32.ActiveCfg = RelWithDebInfo|Win32
		{7BFA3138-FAEB-45DF-9A92-1971FD420483}.RelWithDebInfo|Win32.Build.0 = RelWithDebInfo|Win32
		{A4C0962C-7C00-4567-91CC-AEA0462B4400}.Debug|Win32.ActiveCfg = Debug|Win32
		{A4C0962C-7C00-4567-91CC-AEA0462B4400}.Debug|Win32.Build.0 = Debug|Win32
		{A4C0962C-7C00-4567-91CC-AEA0462B4400}.Release|Win32.ActiveCfg = Release|Win32
		{A4C0962C-7C00-4567-91CC-AEA0462B4400}.Release|Win32.Build.0 = Release|Win32
		{A4C0962C-7C00-4567-91CC-AEA0462B4400}.MinSizeRel|Win32.ActiveCfg = MinSizeRel|Win32
		{A4C0962C-7C00-4567-91CC-AEA0462B4400}.MinSizeRel|Win32.Build.0 = MinSizeRel|Win32
		{A4C0962C-7C00-4567-91CC-AEA0462B4400}.RelWithDebInfo|Win32.ActiveCfg = RelWithDebInfo|Win32
		{A4C0962C-7C00-4567-91CC-AEA0462B4400}.RelWithDebInfo|Win32.Build.0 = RelWithDebInfo|Win32
		{25D248EE-9A5B-400E-A623-203E0A41404C}.Debug|Win32.ActiveCfg = Debug|Win32
		{25D248EE-9A5B-400E-A623-203E0A41404C}.Debug|Win32.Build.0 = Debug|Win32
		{25D248EE-9A5B-400E-A623-203E0A41404C}.Release|Win32.ActiveCfg = Release|Win32
		{25D248EE-9A5B-400E-A623-203E0A41404C}.Release|Win32.Build.0 = Release|Win32
		{25D248EE-9A5B-400E-A623-203E0A41404C}.MinSizeRel|Win32.ActiveCfg = MinSizeRel|Win32
		{25D248EE-9A5B-400E-A623-203E0A41404C}.MinSizeRel|Win32.Build.0 = MinSizeRel|Win32
		{25D248EE-9A5B-400E-A623-203E0A41404C}.RelWithDebInfo|Win32.ActiveCfg = RelWithDebInfo|Win32
		{25D248EE-9A5B-400E-A623-203E0A41404C}.RelWithDebInfo|Win32.Build.0 = RelWithDebInfo|Win32
		{813B3C18-D0EC-49CB-8E03-EB3EC2D734E2}.Debug|Win32.ActiveCfg = Debug|Win32
		{813B3C18-D0EC-49CB-8E03-EB3EC2D734E2}.Debug|Win32.Build.0 = Debug|Win32
		{813B3C18-D0EC-49CB-8E03-EB3EC2D734E2}.Release|Win32.ActiveCfg = Release|Win32
		{813B3C18-D0EC-49CB-8E03-EB3EC2D734E2}.Release|Win32.Build.0 = Release|Win32
		{813B3C18-D0EC-49CB-8E03-EB3EC2D734E2}.MinSizeRel|Win32.ActiveCfg = MinSizeRel|Win32
		{813B3C18-D0EC-49CB-8E03-EB3EC2D734E2}.MinSizeRel|Win32.Build.0 = MinSizeRel|Win32
		{813B3C18-D0EC-49CB-8E03-EB3EC2D734E2}.RelWithDebInfo|Win32.ActiveCfg = RelWithDebInfo|Win32
		{813B3C18-D0EC-49CB-8E03-EB3EC2D734E2}.RelWithDebInfo|Win32.Build.0 = RelWithDebInfo|Win32
		{FF34BF45-85F4-4A6E-AB6D-3864E7C7F4FB}.Debug|Win32.ActiveCfg = Debug|Win32
		{FF34BF45-85F4-4A6E-AB6D-3864E7C7F4FB}.Debug|Win32.Build.0 = Debug|Win32
		{FF34BF45-85F4-4A6E-AB6D-3864E7C7F4FB}.Release|Win32.ActiveCfg = Release|Win32
		{FF34BF45-85F4-4A6E-AB6D-3864E7C7F4FB}.Release|Win32.Build.0 = Release|Win32
		{FF34BF45-85F4-4A6E-AB6D-3864E7C7F4FB}.MinSizeRel|Win32.ActiveCfg = MinSizeRel|Win32
		{FF34BF45-85F4-4A6E-AB6D-3864E7C7F4FB}.MinSizeRel|Win32.Build.0 = MinSizeRel|Win32
		{FF34BF45-85F4-4A6E-AB6D-3864E7C7F4FB}.RelWithDebInfo|Win32.ActiveCfg = RelWithDebInfo|Win32
		{FF34BF45-85F4-4A6E-AB6D-3864E7C7F4FB}.RelWithDebInfo|Win32.Build.0 = RelWithDebInfo|Win32
		{D9E662F5-54C4-4B37-B7B9-DCDF5A2C18B8}.Debug|Win32.ActiveCfg = Debug|Win32
		{D9E662F5-54C4-4B37-B7B9-DCDF5A2C18B8}.Release|Win32.ActiveCfg = Release|Win32
		{D9E662F5-54C4-4B37-B7B9-DCDF5A2C18B8}.MinSizeRel|Win32.ActiveCfg = MinSizeRel|Win32
		{D9E662F5-54C4-4B37-B7B9-DCDF5A2C18B8}.RelWithDebInfo|Win32.ActiveCfg = RelWithDebInfo|Win32
		{B474B229-5A60-4F7F-9FCD-D37072E2126F}.Debug|Win32.ActiveCfg = Debug|Win32
		{B474B229-5A60-4F7F-9FCD-D37072E2126F}.Debug|Win32.Build.0 = Debug|Win32
		{B474B229-5A60-4F7F-9FCD-D37072E2126F}.Release|Win32.ActiveCfg = Release|Win32
		{B474B229-5A60-4F7F-9FCD-D37072E2126F}.Release|Win32.Build.0 = Release|Win32
		{B474B229-5A60-4F7F-9FCD-D37072E2126F}.MinSizeRel|Win32.ActiveCfg = MinSizeRel|Win32
		{B474B229-5A60-4F7F-9FCD-D37072E2126F}.MinSizeRel|Win32.Build.0 = MinSizeRel|Win32
		{B474B229-5A60-4F7F-9FCD-D37072E2126F}.RelWithDebInfo|Win32.ActiveCfg = RelWithDebInfo|Win32
		{B474B229-5A60-4F7F-9FCD-D37072E2126F}.RelWithDebInfo|Win32.Build.0 = RelWithDebInfo|Win32
		{CB2BD6B7-3044-4A36-B391-580FE4D43B71}.Debug|Win32.ActiveCfg = Debug|Win32
		{CB2BD6B7-3044-4A36-B391-580FE4D43B71}.Debug|Win32.Build.0 = Debug|Win32
		{CB2BD6B7-3044-4A36-B391-580FE4D43B71}.Release|Win32.ActiveCfg = Release|Win32
		{CB2BD6B7-3044-4A36-B391-580FE4D43B71}.Release|Win32.Build.0 = Release|Win32
		{CB2BD6B7-3044-4A36-B391-580FE4D43B71}.MinSizeRel|Win32.ActiveCfg = MinSizeRel|Win32
		{CB2BD6B7-3044-4A36-B391-580FE4D43B71}.MinSizeRel|Win32.Build.0 = MinSizeRel|Win32
		{CB2BD6B7-3044-4A36-B391-580FE4D43B71}.RelWithDebInfo|Win32.ActiveCfg = RelWithDebInfo|Win32
		{CB2BD6B7-3044-4A36-B391-580FE4D43B71}.RelWithDebInfo|Win32.Build.0 = RelWithDebInfo|Win32
		{5E497A3A-C591-4C59-A61A-4DE4371CD966}.Debug|Win32.ActiveCfg = Debug|Win32
		{5E497A3A-C591-4C59-A61A-4DE4371CD966}.Debug|Win32.Build.0 = Debug|Win32
		{5E497A3A-C591-4C59-A61A-4DE4371CD966}.Release|Win32.ActiveCfg = Release|Win32
		{5E497A3A-C591-4C59-A61A-4DE4371CD966}.Release|Win32.Build.0 = Release|Win32
		{5E497A3A-C591-4C59-A61A-4DE4371CD966}.MinSizeRel|Win32.ActiveCfg = MinSizeRel|Win32
		{5E497A3A-C591-4C59-A61A-4DE4371CD966}.MinSizeRel|Win32.Build.0 = MinSizeRel|Win32
		{5E497A3A-C591-4C59-A61A-4DE4371CD966}.RelWithDebInfo|Win32.ActiveCfg = RelWithDebInfo|Win32
		{5E497A3A-C591-4C59-A61A-4DE4371CD966}.RelWithDebInfo|Win32.Build.0 = RelWithDebInfo|Win32
		{DA87A3C9-9959-46B1-BC6D-44DDF8A01EE0}.Debug|Win32.ActiveCfg = Debug|Win32
		{DA87A3C9-9959-46B1-BC6D-44DDF8A01EE0}.Debug|Win32.Build.0 = Debug|Win32
		{DA87A3C9-9959-46B1-BC6D-44DDF8A01EE0}.Release|Win32.ActiveCfg = Release|Win32
		{DA87A3C9-9959-46B1-BC6D-44DDF8A01EE0}.Release|Win32.Build.0 = Release|Win32
		{DA87A3C9-9959-46B1-BC6D-44DDF8A01EE0}.MinSizeRel|Win32.ActiveCfg = MinSizeRel|Win32
		{DA87A3C9-9959-46B1-BC6D-44DDF8A01EE0}.MinSizeRel|Win32.Build.0 = MinSizeRel|Win32
		{DA87A3C9-9959-46B1-BC6D-44DDF8A01EE0}.RelWithDebInfo|Win32.ActiveCfg = RelWithDebInfo|Win32
		{DA87A3C9-9959-46B1-BC6D-44DDF8A01EE0}.RelWithDebInfo|Win32.Build.0 = RelWithDebInfo|Win32
		{6972A176-ECF4-4E5E-9A5B-99A5E1EE05E1}.Debug|Win32.ActiveCfg = Debug|Win32
		{6972A176-ECF4-4E5E-9A5B-99A5E1EE05E1}.Debug|Win32.Build.0 = Debug|Win32
		{6972A176-ECF4-4E5E-9A5B-99A5E1EE05E1}.Release|Win32.ActiveCfg = Release|Win32
		{6972A176-ECF4-4E5E-9A5B-99A5E1EE05E1}.Release|Win32.Build.0 = Release|Win32
		{6972A176-ECF4-4E5E-9A5B-99A5E1EE05E1}.MinSizeRel|Win32.ActiveCfg = MinSizeRel|Win32
		{6972A176-ECF4-4E5E-9A5B-99A5E1EE05E1}.MinSizeRel|Win32.Build.0 = MinSizeRel|Win32
		{6972A176-ECF4-4E5E-9A5B-99A5E1EE05E1}.RelWithDebInfo|Win32.ActiveCfg = RelWithDebInfo|Win32
		{6972A176-ECF4-4E5E-9A5B-99A5E1EE05E1}.RelWithDebInfo|Win32.Build.0 = RelWithDebInfo|Win32
		{810918C1-8C1B-4AF9-94A2-C55E1EC58143}.Debug|Win32.ActiveCfg = Debug|Win32
		{810918C1-8C1B-4AF9-94A2-C55E1EC58143}.Debug|Win32.Build.0 = Debug|Win32
		{810918C1-8C1B-4AF9-94A2-C55E1EC58143}.Release|Win32.ActiveCfg = Release|Win32
		{810918C1-8C1B-4AF9-94A2-C55E1EC58143}.Release|Win32.Build.0 = Release|Win32
		{810918C1-8C1B-4AF9-94A2-C55E1EC58143}.MinSizeRel|Win32.ActiveCfg = MinSizeRel|Win32
		{810918C1-8C1B-4AF9-94A2-C55E1EC58143}.MinSizeRel|Win32.Build.0 = MinSizeRel|Win32
		{810918C1-8C1B-4AF9-94A2-C55E1EC58143}.RelWithDebInfo|Win32.ActiveCfg = RelWithDebInfo|Win32
		{810918C1-8C1B-4AF9-94A2-C55E1EC58143}.RelWithDebInfo|Win32.Build.0 = RelWithDebInfo|Win32
		{64A5AB11-E585-4ADB-8274-0954FF493755}.Debug|Win32.ActiveCfg = Debug|Win32
		{64A5AB11-E585-4ADB-8274-0954FF493755}.Debug|Win32.Build.0 = Debug|Win32
		{64A5AB11-E585-4ADB-8274-0954FF493755}.Release|Win32.ActiveCfg = Release|Win32
		{64A5AB11-E585-4ADB-8274-0954FF493755}.Release|Win32.Build.0 = Release|Win32
		{64A5AB11-E585-4ADB-8274-0954FF493755}.MinSizeRel|Win32.ActiveCfg = MinSizeRel|Win32
		{64A5AB11-E585-4ADB-8274-0954FF493755}.MinSizeRel|Win32.Build.0 = MinSizeRel|Win32
		{64A5AB11-E585-4ADB-8274-0954FF493755}.RelWithDebInfo|Win32.ActiveCfg = RelWithDebInfo|Win32
		{64A5AB11-E585-4ADB-8274-0954FF493755}.RelWithDebInfo|Win32.Build.0 = RelWithDebInfo|Win32
		{276909A0-FDF5-410C-98B3-A334895F2724}.Debug|Win32.ActiveCfg = Debug|Win32
		{276909A0-FDF5-410C-98B3-A334895F2724}.Debug|Win32.Build.0 = Debug|Win32
		{276909A0-FDF5-410C-98B3-A334895F2724}.Release|Win32.ActiveCfg = Release|Win32
		{276909A0-FDF5-410C-98B3-A334895F2724}.Release|Win32.Build.0 = Release|Win32
		{276909A0-FDF5-410C-98B3-A334895F2724}.MinSizeRel|Win32.ActiveCfg = MinSizeRel|Win32
		{276909A0-FDF5-410C-98B3-A334895F2724}.MinSizeRel|Win32.Build.0 = MinSizeRel|Win32
		{276909A0-FDF5-410C-98B3-A334895F2724}.RelWithDebInfo|Win32.ActiveCfg = RelWithDebInfo|Win32
		{276909A0-FDF5-410C-98B3-A334895F2724}.RelWithDebInfo|Win32.Build.0 = RelWithDebInfo|Win32
		{28ED2DD4-2D49-4EA2-BDF3-CCECF6DE4031}.Debug|Win32.ActiveCfg = Debug|Win32
		{28ED2DD4-2D49-4EA2-BDF3-CCECF6DE4031}.Debug|Win32.Build.0 = Debug|Win32
		{28ED2DD4-2D49-4EA2-BDF3-CCECF6DE4031}.Release|Win32.ActiveCfg = Release|Win32
		{28ED2DD4-2D49-4EA2-BDF3-CCECF6DE4031}.Release|Win32.Build.0 = Release|Win32
		{28ED2DD4-2D49-4EA2-BDF3-CCECF6DE4031}.MinSizeRel|Win32.ActiveCfg = MinSizeRel|Win32
		{28ED2DD4-2D49-4EA2-BDF3-CCECF6DE4031}.MinSizeRel|Win32.Build.0 = MinSizeRel|Win32
		{28ED2DD4-2D49-4EA2-BDF3-CCECF6DE4031}.RelWithDebInfo|Win32.ActiveCfg = RelWithDebInfo|Win32
		{28ED2DD4-2D49-4EA2-BDF3-CCECF6DE4031}.RelWithDebInfo|Win32.Build.0 = RelWithDebInfo|Win32
		{CE4D6F0C-F71B-41F3-9BB3-B1D9CDF30995}.Debug|Win32.ActiveCfg = Debug|Win32
		{CE4D6F0C-F71B-41F3-9BB3-B1D9CDF30995}.Debug|Win32.Build.0 = Debug|Win32
		{CE4D6F0C-F71B-41F3-9BB3-B1D9CDF30995}.Release|Win32.ActiveCfg = Release|Win32
		{CE4D6F0C-F71B-41F3-9BB3-B1D9CDF30995}.Release|Win32.Build.0 = Release|Win32
		{CE4D6F0C-F71B-41F3-9BB3-B1D9CDF30995}.MinSizeRel|Win32.ActiveCfg = MinSizeRel|Win32
		{CE4D6F0C-F71B-41F3-9BB3-B1D9CDF30995}.MinSizeRel|Win32.Build.0 = MinSizeRel|Win32
		{CE4D6F0C-F71B-41F3-9BB3-B1D9CDF30995}.RelWithDebInfo|Win32.ActiveCfg = RelWithDebInfo|Win32
		{CE4D6F0C-F71B-41F3-9BB3-B1D9CDF30995}.RelWithDebInfo|Win32.Build.0 = RelWithDebInfo|Win32
		{F15BFB61-00F0-4C8D-B6DC-A3F30A70449C}.Debug|Win32.ActiveCfg = Debug|Win32
		{F15BFB61-00F0-4C8D-B6DC-A3F30A70449C}.Debug|Win32.Build.0 = Debug|Win32
		{F15BFB61-00F0-4C8D-B6DC-A3F30A70449C}.Release|Win32.ActiveCfg = Release|Win32
		{F15BFB61-00F0-4C8D-B6DC-A3F30A70449C}.Release|Win32.Build.0 = Release|Win32
		{F15BFB61-00F0-4C8D-B6DC-A3F30A70449C}.MinSizeRel|Win32.ActiveCfg = MinSizeRel|Win32
		{F15BFB61-00F0-4C8D-B6DC-A3F30A70449C}.MinSizeRel|Win32.Build.0 = MinSizeRel|Win32
		{F15BFB61-00F0-4C8D-B6DC-A3F30A70449C}.RelWithDebInfo|Win32.ActiveCfg = RelWithDebInfo|Win32
		{F15BFB61-00F0-4C8D-B6DC-A3F30A70449C}.RelWithDebInfo|Win32.Build.0 = RelWithDebInfo|Win32
		{F8CB86F3-8EA3-4479-B3D7-8F86911B4567}.Debug|Win32.ActiveCfg = Debug|Win32
		{F8CB86F3-8EA3-4479-B3D7-8F86911B4567}.Debug|Win32.Build.0 = Debug|Win32
		{F8CB86F3-8EA3-4479-B3D7-8F86911B4567}.Release|Win32.ActiveCfg = Release|Win32
		{F8CB86F3-8EA3-4479-B3D7-8F86911B4567}.Release|Win32.Build.0 = Release|Win32
		{F8CB86F3-8EA3-4479-B3D7-8F86911B4567}.MinSizeRel|Win32.ActiveCfg = MinSizeRel|Win32
		{F8CB86F3-8EA3-4479-B3D7-8F86911B4567}.MinSizeRel|Win32.Build.0 = MinSizeRel|Win32
		{F8CB86F3-8EA3-4479-B3D7-8F86911B4567}.RelWithDebInfo|Win32.ActiveCfg = RelWithDebInfo|Win32
		{F8CB86F3-8EA3-4479-B3D7-8F86911B4567}.RelWithDebInfo|Win32.Build.0 = RelWithDebInfo|Win32
		{CDF5BCB7-2ACA-4AB6-8181-546EF6364AF7}.Debug|Win32.ActiveCfg = Debug|Win32
		{CDF5BCB7-2ACA-4AB6-8181-546EF6364AF7}.Debug|Win32.Build.0 = Debug|Win32
		{CDF5BCB7-2ACA-4AB6-8181-546EF6364AF7}.Release|Win32.ActiveCfg = Release|Win32
		{CDF5BCB7-2ACA-4AB6-8181-546EF6364AF7}.Release|Win32.Build.0 = Release|Win32
		{CDF5BCB7-2ACA-4AB6-8181-546EF6364AF7}.MinSizeRel|Win32.ActiveCfg = MinSizeRel|Win32
		{CDF5BCB7-2ACA-4AB6-8181-546EF6364AF7}.MinSizeRel|Win32.Build.0 = MinSizeRel|Win32
		{CDF5BCB7-2ACA-4AB6-8181-546EF6364AF7}.RelWithDebInfo|Win32.ActiveCfg = RelWithDebInfo|Win32
		{CDF5BCB7-2ACA-4AB6-8181-546EF6364AF7}.RelWithDebInfo|Win32.Build.0 = RelWithDebInfo|Win32
		{A841ABC0-A9AB-4562-8285-B6EB67EC9726}.Debug|Win32.ActiveCfg = Debug|Win32
		{A841ABC0-A9AB-4562-8285-B6EB67EC9726}.Debug|Win32.Build.0 = Debug|Win32
		{A841ABC0-A9AB-4562-8285-B6EB67EC9726}.Release|Win32.ActiveCfg = Release|Win32
		{A841ABC0-A9AB-4562-8285-B6EB67EC9726}.Release|Win32.Build.0 = Release|Win32
		{A841ABC0-A9AB-4562-8285-B6EB67EC9726}.MinSizeRel|Win32.ActiveCfg = MinSizeRel|Win32
		{A841ABC0-A9AB-4562-8285-B6EB67EC9726}.MinSizeRel|Win32.Build.0 = MinSizeRel|Win32
		{A841ABC0-A9AB-4562-8285-B6EB67EC9726}.RelWithDebInfo|Win32.ActiveCfg = RelWithDebInfo|Win32
		{A841ABC0-A9AB-4562-8285-B6EB67EC9726}.RelWithDebInfo|Win32.Build.0 = RelWithDebInfo|Win32
		{C4E9FEEF-D0F1-4264-B731-22404DACCA09}.Debug|Win32.ActiveCfg = Debug|Win32
		{C4E9FEEF-D0F1-4264-B731-22404DACCA09}.Debug|Win32.Build.0 = Debug|Win32
		{C4E9FEEF-D0F1-4264-B731-22404DACCA09}.Release|Win32.ActiveCfg = Release|Win32
		{C4E9FEEF-D0F1-4264-B731-22404DACCA09}.Release|Win32.Build.0 = Release|Win32
		{C4E9FEEF-D0F1-4264-B731-22404DACCA09}.MinSizeRel|Win32.ActiveCfg = MinSizeRel|Win32
		{C4E9FEEF-D0F1-4264-B731-22404DACCA09}.MinSizeRel|Win32.Build.0 = MinSizeRel|Win32
		{C4E9FEEF-D0F1-4264-B731-22404DACCA09}.RelWithDebInfo|Win32.ActiveCfg = RelWithDebInfo|Win32
		{C4E9FEEF-D0F1-4264-B731-22404DACCA09}.RelWithDebInfo|Win32.Build.0 = RelWithDebInfo|Win32
		{FDF32421-8F56-4056-9237-1BE8D147E420}.Debug|Win32.ActiveCfg = Debug|Win32
		{FDF32421-8F56-4056-9237-1BE8D147E420}.Debug|Win32.Build.0 = Debug|Win32
		{FDF32421-8F56-4056-9237-1BE8D147E420}.Release|Win32.ActiveCfg = Release|Win32
		{FDF32421-8F56-4056-9237-1BE8D147E420}.Release|Win32.Build.0 = Release|Win32
		{FDF32421-8F56-4056-9237-1BE8D147E420}.MinSizeRel|Win32.ActiveCfg = MinSizeRel|Win32
		{FDF32421-8F56-4056-9237-1BE8D147E420}.MinSizeRel|Win32.Build.0 = MinSizeRel|Win32
		{FDF32421-8F56-4056-9237-1BE8D147E420}.RelWithDebInfo|Win32.ActiveCfg = RelWithDebInfo|Win32
		{FDF32421-8F56-4056-9237-1BE8D147E420}.RelWithDebInfo|Win32.Build.0 = RelWithDebInfo|Win32
		{2B262E11-DADF-40D2-9437-FD421610DBAD}.Debug|Win32.ActiveCfg = Debug|Win32
		{2B262E11-DADF-40D2-9437-FD421610DBAD}.Debug|Win32.Build.0 = Debug|Win32
		{2B262E11-DADF-40D2-9437-FD421610DBAD}.Release|Win32.ActiveCfg = Release|Win32
		{2B262E11-DADF-40D2-9437-FD421610DBAD}.Release|Win32.Build.0 = Release|Win32
		{2B262E11-DADF-40D2-9437-FD421610DBAD}.MinSizeRel|Win32.ActiveCfg = MinSizeRel|Win32
		{2B262E11-DADF-40D2-9437-FD421610DBAD}.MinSizeRel|Win32.Build.0 = MinSizeRel|Win32
		{2B262E11-DADF-40D2-9437-FD421610DBAD}.RelWithDebInfo|Win32.ActiveCfg = RelWithDebInfo|Win32
		{2B262E11-DADF-40D2-9437-FD421610DBAD}.RelWithDebInfo|Win32.Build.0 = RelWithDebInfo|Win32
		{7E806BA0-965E-4009-A3B0-470AAF03BBE6}.Debug|Win32.ActiveCfg = Debug|Win32
		{7E806BA0-965E-4009-A3B0-470AAF03BBE6}.Debug|Win32.Build.0 = Debug|Win32
		{7E806BA0-965E-4009-A3B0-470AAF03BBE6}.Release|Win32.ActiveCfg = Release|Win32
		{7E806BA0-965E-4009-A3B0-470AAF03BBE6}.Release|Win32.Build.0 = Release|Win32
		{7E806BA0-965E-4009-A3B0-470AAF03BBE6}.MinSizeRel|Win32.ActiveCfg = MinSizeRel|Win32
		{7E806BA0-965E-4009-A3B0-470AAF03BBE6}.MinSizeRel|Win32.Build.0 = MinSizeRel|Win32
		{7E806BA0-965E-4009-A3B0-470AAF03BBE6}.RelWithDebInfo|Win32.ActiveCfg = RelWithDebInfo|Win32
		{7E806BA0-965E-4009-A3B0-470AAF03BBE6}.RelWithDebInfo|Win32.Build.0 = RelWithDebInfo|Win32
		{26109120-C114-4851-A992-7F42B110755C}.Debug|Win32.ActiveCfg = Debug|Win32
		{26109120-C114-4851-A992-7F42B110755C}.Debug|Win32.Build.0 = Debug|Win32
		{26109120-C114-4851-A992-7F42B110755C}.Release|Win32.ActiveCfg = Release|Win32
		{26109120-C114-4851-A992-7F42B110755C}.Release|Win32.Build.0 = Release|Win32
		{26109120-C114-4851-A992-7F42B110755C}.MinSizeRel|Win32.ActiveCfg = MinSizeRel|Win32
		{26109120-C114-4851-A992-7F42B110755C}.MinSizeRel|Win32.Build.0 = MinSizeRel|Win32
		{26109120-C114-4851-A992-7F42B110755C}.RelWithDebInfo|Win32.ActiveCfg = RelWithDebInfo|Win32
		{26109120-C114-4851-A992-7F42B110755C}.RelWithDebInfo|Win32.Build.0 = RelWithDebInfo|Win32
		{9B428AA9-1ABA-4914-9386-F584BD5A91F8}.Debug|Win32.ActiveCfg = Debug|Win32
		{9B428AA9-1ABA-4914-9386-F584BD5A91F8}.Debug|Win32.Build.0 = Debug|Win32
		{9B428AA9-1ABA-4914-9386-F584BD5A91F8}.Release|Win32.ActiveCfg = Release|Win32
		{9B428AA9-1ABA-4914-9386-F584BD5A91F8}.Release|Win32.Build.0 = Release|Win32
		{9B428AA9-1ABA-4914-9386-F584BD5A91F8}.MinSizeRel|Win32.ActiveCfg = MinSizeRel|Win32
		{9B428AA9-1ABA-4914-9386-F584BD5A91F8}.MinSizeRel|Win32.Build.0 = MinSizeRel|Win32
		{9B428AA9-1ABA-4914-9386-F584BD5A91F8}.RelWithDebInfo|Win32.ActiveCfg = RelWithDebInfo|Win32
		{9B428AA9-1ABA-4914-9386-F584BD5A91F8}.RelWithDebInfo|Win32.Build.0 = RelWithDebInfo|Win32
		{2FD5BF28-55E0-4A22-BDE0-B0C1798C3E94}.Debug|Win32.ActiveCfg = Debug|Win32
		{2FD5BF28-55E0-4A22-BDE0-B0C1798C3E94}.Debug|Win32.Build.0 = Debug|Win32
		{2FD5BF28-55E0-4A22-BDE0-B0C1798C3E94}.Release|Win32.ActiveCfg = Release|Win32
		{2FD5BF28-55E0-4A22-BDE0-B0C1798C3E94}.Release|Win32.Build.0 = Release|Win32
		{2FD5BF28-55E0-4A22-BDE0-B0C1798C3E94}.MinSizeRel|Win32.ActiveCfg = MinSizeRel|Win32
		{2FD5BF28-55E0-4A22-BDE0-B0C1798C3E94}.MinSizeRel|Win32.Build.0 = MinSizeRel|Win32
		{2FD5BF28-55E0-4A22-BDE0-B0C1798C3E94}.RelWithDebInfo|Win32.ActiveCfg = RelWithDebInfo|Win32
		{2FD5BF28-55E0-4A22-BDE0-B0C1798C3E94}.RelWithDebInfo|Win32.Build.0 = RelWithDebInfo|Win32
		{9967FA19-8CBA-4F53-AF5C-6CFA0073BAD8}.Debug|Win32.ActiveCfg = Debug|Win32
		{9967FA19-8CBA-4F53-AF5C-6CFA0073BAD8}.Debug|Win32.Build.0 = Debug|Win32
		{9967FA19-8CBA-4F53-AF5C-6CFA0073BAD8}.Release|Win32.ActiveCfg = Release|Win32
		{9967FA19-8CBA-4F53-AF5C-6CFA0073BAD8}.Release|Win32.Build.0 = Release|Win32
		{9967FA19-8CBA-4F53-AF5C-6CFA0073BAD8}.MinSizeRel|Win32.ActiveCfg = MinSizeRel|Win32
		{9967FA19-8CBA-4F53-AF5C-6CFA0073BAD8}.MinSizeRel|Win32.Build.0 = MinSizeRel|Win32
		{9967FA19-8CBA-4F53-AF5C-6CFA0073BAD8}.RelWithDebInfo|Win32.ActiveCfg = RelWithDebInfo|Win32
		{9967FA19-8CBA-4F53-AF5C-6CFA0073BAD8}.RelWithDebInfo|Win32.Build.0 = RelWithDebInfo|Win32
		{72A4E988-6A98-43F1-8AB2-7A7F19921E26}.Debug|Win32.ActiveCfg = Debug|Win32
		{72A4E988-6A98-43F1-8AB2-7A7F19921E26}.Debug|Win32.Build.0 = Debug|Win32
		{72A4E988-6A98-43F1-8AB2-7A7F19921E26}.Release|Win32.ActiveCfg = Release|Win32
		{72A4E988-6A98-43F1-8AB2-7A7F19921E26}.Release|Win32.Build.0 = Release|Win32
		{72A4E988-6A98-43F1-8AB2-7A7F19921E26}.MinSizeRel|Win32.ActiveCfg = MinSizeRel|Win32
		{72A4E988-6A98-43F1-8AB2-7A7F19921E26}.MinSizeRel|Win32.Build.0 = MinSizeRel|Win32
		{72A4E988-6A98-43F1-8AB2-7A7F19921E26}.RelWithDebInfo|Win32.ActiveCfg = RelWithDebInfo|Win32
		{72A4E988-6A98-43F1-8AB2-7A7F19921E26}.RelWithDebInfo|Win32.Build.0 = RelWithDebInfo|Win32
		{8B9642F9-DA0C-4FE5-8450-501D16E9F48B}.Debug|Win32.ActiveCfg = Debug|Win32
		{8B9642F9-DA0C-4FE5-8450-501D16E9F48B}.Debug|Win32.Build.0 = Debug|Win32
		{8B9642F9-DA0C-4FE5-8450-501D16E9F48B}.Release|Win32.ActiveCfg = Release|Win32
		{8B9642F9-DA0C-4FE5-8450-501D16E9F48B}.Release|Win32.Build.0 = Release|Win32
		{8B9642F9-DA0C-4FE5-8450-501D16E9F48B}.MinSizeRel|Win32.ActiveCfg = MinSizeRel|Win32
		{8B9642F9-DA0C-4FE5-8450-501D16E9F48B}.MinSizeRel|Win32.Build.0 = MinSizeRel|Win32
		{8B9642F9-DA0C-4FE5-8450-501D16E9F48B}.RelWithDebInfo|Win32.ActiveCfg = RelWithDebInfo|Win32
		{8B9642F9-DA0C-4FE5-8450-501D16E9F48B}.RelWithDebInfo|Win32.Build.0 = RelWithDebInfo|Win32
		{4B9C29FC-C112-4452-9594-57C7F15AEF11}.Debug|Win32.ActiveCfg = Debug|Win32
		{4B9C29FC-C112-4452-9594-57C7F15AEF11}.Debug|Win32.Build.0 = Debug|Win32
		{4B9C29FC-C112-4452-9594-57C7F15AEF11}.Release|Win32.ActiveCfg = Release|Win32
		{4B9C29FC-C112-4452-9594-57C7F15AEF11}.Release|Win32.Build.0 = Release|Win32
		{4B9C29FC-C112-4452-9594-57C7F15AEF11}.MinSizeRel|Win32.ActiveCfg = MinSizeRel|Win32
		{4B9C29FC-C112-4452-9594-57C7F15AEF11}.MinSizeRel|Win32.Build.0 = MinSizeRel|Win32
		{4B9C29FC-C112-4452-9594-57C7F15AEF11}.RelWithDebInfo|Win32.ActiveCfg = RelWithDebInfo|Win32
		{4B9C29FC-C112-4452-9594-57C7F15AEF11}.RelWithDebInfo|Win32.Build.0 = RelWithDebInfo|Win32
		{B21B1747-FE15-4C39-BCED-5FECFD60A610}.Debug|Win32.ActiveCfg = Debug|Win32
		{B21B1747-FE15-4C39-BCED-5FECFD60A610}.Debug|Win32.Build.0 = Debug|Win32
		{B21B1747-FE15-4C39-BCED-5FECFD60A610}.Release|Win32.ActiveCfg = Release|Win32
		{B21B1747-FE15-4C39-BCED-5FECFD60A610}.Release|Win32.Build.0 = Release|Win32
		{B21B1747-FE15-4C39-BCED-5FECFD60A610}.MinSizeRel|Win32.ActiveCfg = MinSizeRel|Win32
		{B21B1747-FE15-4C39-BCED-5FECFD60A610}.MinSizeRel|Win32.Build.0 = MinSizeRel|Win32
		{B21B1747-FE15-4C39-BCED-5FECFD60A610}.RelWithDebInfo|Win32.ActiveCfg = RelWithDebInfo|Win32
		{B21B1747-FE15-4C39-BCED-5FECFD60A610}.RelWithDebInfo|Win32.Build.0 = RelWithDebInfo|Win32
		{AD22FBA4-7F0D-472A-9072-E9497BED2EC5}.Debug|Win32.ActiveCfg = Debug|Win32
		{AD22FBA4-7F0D-472A-9072-E9497BED2EC5}.Debug|Win32.Build.0 = Debug|Win32
		{AD22FBA4-7F0D-472A-9072-E9497BED2EC5}.Release|Win32.ActiveCfg = Release|Win32
		{AD22FBA4-7F0D-472A-9072-E9497BED2EC5}.Release|Win32.Build.0 = Release|Win32
		{AD22FBA4-7F0D-472A-9072-E9497BED2EC5}.MinSizeRel|Win32.ActiveCfg = MinSizeRel|Win32
		{AD22FBA4-7F0D-472A-9072-E9497BED2EC5}.MinSizeRel|Win32.Build.0 = MinSizeRel|Win32
		{AD22FBA4-7F0D-472A-9072-E9497BED2EC5}.RelWithDebInfo|Win32.ActiveCfg = RelWithDebInfo|Win32
		{AD22FBA4-7F0D-472A-9072-E9497BED2EC5}.RelWithDebInfo|Win32.Build.0 = RelWithDebInfo|Win32
		{299F4DDF-A300-4E2B-9574-B274118EB6A6}.Debug|Win32.ActiveCfg = Debug|Win32
		{299F4DDF-A300-4E2B-9574-B274118EB6A6}.Debug|Win32.Build.0 = Debug|Win32
		{299F4DDF-A300-4E2B-9574-B274118EB6A6}.Release|Win32.ActiveCfg = Release|Win32
		{299F4DDF-A300-4E2B-9574-B274118EB6A6}.Release|Win32.Build.0 = Release|Win32
		{299F4DDF-A300-4E2B-9574-B274118EB6A6}.MinSizeRel|Win32.ActiveCfg = MinSizeRel|Win32
		{299F4DDF-A300-4E2B-9574-B274118EB6A6}.MinSizeRel|Win32.Build.0 = MinSizeRel|Win32
		{299F4DDF-A300-4E2B-9574-B274118EB6A6}.RelWithDebInfo|Win32.ActiveCfg = RelWithDebInfo|Win32
		{299F4DDF-A300-4E2B-9574-B274118EB6A6}.RelWithDebInfo|Win32.Build.0 = RelWithDebInfo|Win32
		{606ADDB4-06F9-4948-947B-44C8A14F2AC8}.Debug|Win32.ActiveCfg = Debug|Win32
		{606ADDB4-06F9-4948-947B-44C8A14F2AC8}.Debug|Win32.Build.0 = Debug|Win32
		{606ADDB4-06F9-4948-947B-44C8A14F2AC8}.Release|Win32.ActiveCfg = Release|Win32
		{606ADDB4-06F9-4948-947B-44C8A14F2AC8}.Release|Win32.Build.0 = Release|Win32
		{606ADDB4-06F9-4948-947B-44C8A14F2AC8}.MinSizeRel|Win32.ActiveCfg = MinSizeRel|Win32
		{606ADDB4-06F9-4948-947B-44C8A14F2AC8}.MinSizeRel|Win32.Build.0 = MinSizeRel|Win32
		{606ADDB4-06F9-4948-947B-44C8A14F2AC8}.RelWithDebInfo|Win32.ActiveCfg = RelWithDebInfo|Win32
		{606ADDB4-06F9-4948-947B-44C8A14F2AC8}.RelWithDebInfo|Win32.Build.0 = RelWithDebInfo|Win32
		{681A1475-6FF2-48CB-806C-28878715EC9F}.Debug|Win32.ActiveCfg = Debug|Win32
		{681A1475-6FF2-48CB-806C-28878715EC9F}.Debug|Win32.Build.0 = Debug|Win32
		{681A1475-6FF2-48CB-806C-28878715EC9F}.Release|Win32.ActiveCfg = Release|Win32
		{681A1475-6FF2-48CB-806C-28878715EC9F}.Release|Win32.Build.0 = Release|Win32
		{681A1475-6FF2-48CB-806C-28878715EC9F}.MinSizeRel|Win32.ActiveCfg = MinSizeRel|Win32
		{681A1475-6FF2-48CB-806C-28878715EC9F}.MinSizeRel|Win32.Build.0 = MinSizeRel|Win32
		{681A1475-6FF2-48CB-806C-28878715EC9F}.RelWithDebInfo|Win32.ActiveCfg = RelWithDebInfo|Win32
		{681A1475-6FF2-48CB-806C-28878715EC9F}.RelWithDebInfo|Win32.Build.0 = RelWithDebInfo|Win32
		{E805AEAC-FC54-423F-BBC5-35B4BEE8BFAD}.Debug|Win32.ActiveCfg = Debug|Win32
		{E805AEAC-FC54-423F-BBC5-35B4BEE8BFAD}.Debug|Win32.Build.0 = Debug|Win32
		{E805AEAC-FC54-423F-BBC5-35B4BEE8BFAD}.Release|Win32.ActiveCfg = Release|Win32
		{E805AEAC-FC54-423F-BBC5-35B4BEE8BFAD}.Release|Win32.Build.0 = Release|Win32
		{E805AEAC-FC54-423F-BBC5-35B4BEE8BFAD}.MinSizeRel|Win32.ActiveCfg = MinSizeRel|Win32
		{E805AEAC-FC54-423F-BBC5-35B4BEE8BFAD}.MinSizeRel|Win32.Build.0 = MinSizeRel|Win32
		{E805AEAC-FC54-423F-BBC5-35B4BEE8BFAD}.RelWithDebInfo|Win32.ActiveCfg = RelWithDebInfo|Win32
		{E805AEAC-FC54-423F-BBC5-35B4BEE8BFAD}.RelWithDebInfo|Win32.Build.0 = RelWithDebInfo|Win32
		{8B3C1FAA-5244-49CE-9D70-300980CDFC28}.Debug|Win32.ActiveCfg = Debug|Win32
		{8B3C1FAA-5244-49CE-9D70-300980CDFC28}.Debug|Win32.Build.0 = Debug|Win32
		{8B3C1FAA-5244-49CE-9D70-300980CDFC28}.Release|Win32.ActiveCfg = Release|Win32
		{8B3C1FAA-5244-49CE-9D70-300980CDFC28}.Release|Win32.Build.0 = Release|Win32
		{8B3C1FAA-5244-49CE-9D70-300980CDFC28}.MinSizeRel|Win32.ActiveCfg = MinSizeRel|Win32
		{8B3C1FAA-5244-49CE-9D70-300980CDFC28}.MinSizeRel|Win32.Build.0 = MinSizeRel|Win32
		{8B3C1FAA-5244-49CE-9D70-300980CDFC28}.RelWithDebInfo|Win32.ActiveCfg = RelWithDebInfo|Win32
		{8B3C1FAA-5244-49CE-9D70-300980CDFC28}.RelWithDebInfo|Win32.Build.0 = RelWithDebInfo|Win32
		{6BFC7B68-A222-4708-A3AF-DAD259CE2415}.Debug|Win32.ActiveCfg = Debug|Win32
		{6BFC7B68-A222-4708-A3AF-DAD259CE2415}.Debug|Win32.Build.0 = Debug|Win32
		{6BFC7B68-A222-4708-A3AF-DAD259CE2415}.Release|Win32.ActiveCfg = Release|Win32
		{6BFC7B68-A222-4708-A3AF-DAD259CE2415}.Release|Win32.Build.0 = Release|Win32
		{6BFC7B68-A222-4708-A3AF-DAD259CE2415}.MinSizeRel|Win32.ActiveCfg = MinSizeRel|Win32
		{6BFC7B68-A222-4708-A3AF-DAD259CE2415}.MinSizeRel|Win32.Build.0 = MinSizeRel|Win32
		{6BFC7B68-A222-4708-A3AF-DAD259CE2415}.RelWithDebInfo|Win32.ActiveCfg = RelWithDebInfo|Win32
		{6BFC7B68-A222-4708-A3AF-DAD259CE2415}.RelWithDebInfo|Win32.Build.0 = RelWithDebInfo|Win32
		{0CB9111F-1FED-4A67-A9A8-A0108331B317}.Debug|Win32.ActiveCfg = Debug|Win32
		{0CB9111F-1FED-4A67-A9A8-A0108331B317}.Debug|Win32.Build.0 = Debug|Win32
		{0CB9111F-1FED-4A67-A9A8-A0108331B317}.Release|Win32.ActiveCfg = Release|Win32
		{0CB9111F-1FED-4A67-A9A8-A0108331B317}.Release|Win32.Build.0 = Release|Win32
		{0CB9111F-1FED-4A67-A9A8-A0108331B317}.MinSizeRel|Win32.ActiveCfg = MinSizeRel|Win32
		{0CB9111F-1FED-4A67-A9A8-A0108331B317}.MinSizeRel|Win32.Build.0 = MinSizeRel|Win32
		{0CB9111F-1FED-4A67-A9A8-A0108331B317}.RelWithDebInfo|Win32.ActiveCfg = RelWithDebInfo|Win32
		{0CB9111F-1FED-4A67-A9A8-A0108331B317}.RelWithDebInfo|Win32.Build.0 = RelWithDebInfo|Win32
		{DF083C97-56B2-4C12-807C-3A30E0E9D5D4}.Debug|Win32.ActiveCfg = Debug|Win32
		{DF083C97-56B2-4C12-807C-3A30E0E9D5D4}.Debug|Win32.Build.0 = Debug|Win32
		{DF083C97-56B2-4C12-807C-3A30E0E9D5D4}.Release|Win32.ActiveCfg = Release|Win32
		{DF083C97-56B2-4C12-807C-3A30E0E9D5D4}.Release|Win32.Build.0 = Release|Win32
		{DF083C97-56B2-4C12-807C-3A30E0E9D5D4}.MinSizeRel|Win32.ActiveCfg = MinSizeRel|Win32
		{DF083C97-56B2-4C12-807C-3A30E0E9D5D4}.MinSizeRel|Win32.Build.0 = MinSizeRel|Win32
		{DF083C97-56B2-4C12-807C-3A30E0E9D5D4}.RelWithDebInfo|Win32.ActiveCfg = RelWithDebInfo|Win32
		{DF083C97-56B2-4C12-807C-3A30E0E9D5D4}.RelWithDebInfo|Win32.Build.0 = RelWithDebInfo|Win32
		{BA6A061A-796F-4606-937C-D21DFF36D3B2}.Debug|Win32.ActiveCfg = Debug|Win32
		{BA6A061A-796F-4606-937C-D21DFF36D3B2}.Debug|Win32.Build.0 = Debug|Win32
		{BA6A061A-796F-4606-937C-D21DFF36D3B2}.Release|Win32.ActiveCfg = Release|Win32
		{BA6A061A-796F-4606-937C-D21DFF36D3B2}.Release|Win32.Build.0 = Release|Win32
		{BA6A061A-796F-4606-937C-D21DFF36D3B2}.MinSizeRel|Win32.ActiveCfg = MinSizeRel|Win32
		{BA6A061A-796F-4606-937C-D21DFF36D3B2}.MinSizeRel|Win32.Build.0 = MinSizeRel|Win32
		{BA6A061A-796F-4606-937C-D21DFF36D3B2}.RelWithDebInfo|Win32.ActiveCfg = RelWithDebInfo|Win32
		{BA6A061A-796F-4606-937C-D21DFF36D3B2}.RelWithDebInfo|Win32.Build.0 = RelWithDebInfo|Win32
		{A15D40AF-B521-49FE-AD4A-47C4771F0387}.Debug|Win32.ActiveCfg = Debug|Win32
		{A15D40AF-B521-49FE-AD4A-47C4771F0387}.Debug|Win32.Build.0 = Debug|Win32
		{A15D40AF-B521-49FE-AD4A-47C4771F0387}.Release|Win32.ActiveCfg = Release|Win32
		{A15D40AF-B521-49FE-AD4A-47C4771F0387}.Release|Win32.Build.0 = Release|Win32
		{A15D40AF-B521-49FE-AD4A-47C4771F0387}.MinSizeRel|Win32.ActiveCfg = MinSizeRel|Win32
		{A15D40AF-B521-49FE-AD4A-47C4771F0387}.MinSizeRel|Win32.Build.0 = MinSizeRel|Win32
		{A15D40AF-B521-49FE-AD4A-47C4771F0387}.RelWithDebInfo|Win32.ActiveCfg = RelWithDebInfo|Win32
		{A15D40AF-B521-49FE-AD4A-47C4771F0387}.RelWithDebInfo|Win32.Build.0 = RelWithDebInfo|Win32
		{92A07C14-DD77-45F4-9608-0C9E7573AE1D}.Debug|Win32.ActiveCfg = Debug|Win32
		{92A07C14-DD77-45F4-9608-0C9E7573AE1D}.Debug|Win32.Build.0 = Debug|Win32
		{92A07C14-DD77-45F4-9608-0C9E7573AE1D}.Release|Win32.ActiveCfg = Release|Win32
		{92A07C14-DD77-45F4-9608-0C9E7573AE1D}.Release|Win32.Build.0 = Release|Win32
		{92A07C14-DD77-45F4-9608-0C9E7573AE1D}.MinSizeRel|Win32.ActiveCfg = MinSizeRel|Win32
		{92A07C14-DD77-45F4-9608-0C9E7573AE1D}.MinSizeRel|Win32.Build.0 = MinSizeRel|Win32
		{92A07C14-DD77-45F4-9608-0C9E7573AE1D}.RelWithDebInfo|Win32.ActiveCfg = RelWithDebInfo|Win32
		{92A07C14-DD77-45F4-9608-0C9E7573AE1D}.RelWithDebInfo|Win32.Build.0 = RelWithDebInfo|Win32
		{6E1AEE16-22A6-495D-8EBE-60DE5773ACAE}.Debug|Win32.ActiveCfg = Debug|Win32
		{6E1AEE16-22A6-495D-8EBE-60DE5773ACAE}.Debug|Win32.Build.0 = Debug|Win32
		{6E1AEE16-22A6-495D-8EBE-60DE5773ACAE}.Release|Win32.ActiveCfg = Release|Win32
		{6E1AEE16-22A6-495D-8EBE-60DE5773ACAE}.Release|Win32.Build.0 = Release|Win32
		{6E1AEE16-22A6-495D-8EBE-60DE5773ACAE}.MinSizeRel|Win32.ActiveCfg = MinSizeRel|Win32
		{6E1AEE16-22A6-495D-8EBE-60DE5773ACAE}.MinSizeRel|Win32.Build.0 = MinSizeRel|Win32
		{6E1AEE16-22A6-495D-8EBE-60DE5773ACAE}.RelWithDebInfo|Win32.ActiveCfg = RelWithDebInfo|Win32
		{6E1AEE16-22A6-495D-8EBE-60DE5773ACAE}.RelWithDebInfo|Win32.Build.0 = RelWithDebInfo|Win32
		{6E238126-A399-4DEB-B718-E20C0008B5BA}.Debug|Win32.ActiveCfg = Debug|Win32
		{6E238126-A399-4DEB-B718-E20C0008B5BA}.Debug|Win32.Build.0 = Debug|Win32
		{6E238126-A399-4DEB-B718-E20C0008B5BA}.Release|Win32.ActiveCfg = Release|Win32
		{6E238126-A399-4DEB-B718-E20C0008B5BA}.Release|Win32.Build.0 = Release|Win32
		{6E238126-A399-4DEB-B718-E20C0008B5BA}.MinSizeRel|Win32.ActiveCfg = MinSizeRel|Win32
		{6E238126-A399-4DEB-B718-E20C0008B5BA}.MinSizeRel|Win32.Build.0 = MinSizeRel|Win32
		{6E238126-A399-4DEB-B718-E20C0008B5BA}.RelWithDebInfo|Win32.ActiveCfg = RelWithDebInfo|Win32
		{6E238126-A399-4DEB-B718-E20C0008B5BA}.RelWithDebInfo|Win32.Build.0 = RelWithDebInfo|Win32
		{767F2DD2-2BE8-48FF-8D14-F7EBCD1C813E}.Debug|Win32.ActiveCfg = Debug|Win32
		{767F2DD2-2BE8-48FF-8D14-F7EBCD1C813E}.Debug|Win32.Build.0 = Debug|Win32
		{767F2DD2-2BE8-48FF-8D14-F7EBCD1C813E}.Release|Win32.ActiveCfg = Release|Win32
		{767F2DD2-2BE8-48FF-8D14-F7EBCD1C813E}.Release|Win32.Build.0 = Release|Win32
		{767F2DD2-2BE8-48FF-8D14-F7EBCD1C813E}.MinSizeRel|Win32.ActiveCfg = MinSizeRel|Win32
		{767F2DD2-2BE8-48FF-8D14-F7EBCD1C813E}.MinSizeRel|Win32.Build.0 = MinSizeRel|Win32
		{767F2DD2-2BE8-48FF-8D14-F7EBCD1C813E}.RelWithDebInfo|Win32.ActiveCfg = RelWithDebInfo|Win32
		{767F2DD2-2BE8-48FF-8D14-F7EBCD1C813E}.RelWithDebInfo|Win32.Build.0 = RelWithDebInfo|Win32
	EndGlobalSection
	GlobalSection(ExtensibilityGlobals) = postSolution
	EndGlobalSection
	GlobalSection(ExtensibilityAddIns) = postSolution
	EndGlobalSection
EndGlobal
